
Microsoft Visual Studio Solution File, Format Version 12.00
# Visual Studio Version 17
VisualStudioVersion = 17.0.31912.275
MinimumVisualStudioVersion = 10.0.40219.1
Project("{2150E333-8FDC-42A3-9474-1A3956D46DE8}") = "applications", "applications", "{46707728-9637-413A-A92C-F5B6643B5958}"
EndProject
Project("{2150E333-8FDC-42A3-9474-1A3956D46DE8}") = "gateways", "gateways", "{D9402112-C592-4E6A-812C-0937D65C9D70}"
EndProject
Project("{2150E333-8FDC-42A3-9474-1A3956D46DE8}") = "microservices", "microservices", "{10399C2F-1B2E-4141-97C9-9212B90B78E6}"
EndProject
Project("{2150E333-8FDC-42A3-9474-1A3956D46DE8}") = "modules", "modules", "{3F5FB678-3F71-4534-9D1F-47AFD67F9A33}"
EndProject
Project("{2150E333-8FDC-42A3-9474-1A3956D46DE8}") = "buildingblocks", "buildingblocks", "{F691ACC8-3A5C-4CB9-8D36-15A2A78F08FD}"
EndProject
Project("{9A19103F-16F7-4668-BE54-9A1E7A4F7556}") = "ConsoleClientDemo", "applications\ConsoleClientDemo\ConsoleClientDemo.csproj", "{47148558-B456-4E38-9F57-374D600F015F}"
EndProject
Project("{9A19103F-16F7-4668-BE54-9A1E7A4F7556}") = "BnBYachts.IdentityServer", "applications\BnBYachts.IdentityServer\BnBYachts.IdentityServer.csproj", "{943238C6-7DCA-4944-9654-2CA325811BE4}"
EndProject
Project("{9A19103F-16F7-4668-BE54-9A1E7A4F7556}") = "BnBYachts.ApiGateway.Host", "gateways\BnBYachts.ApiGateway.Host\BnBYachts.ApiGateway.Host.csproj", "{1F1157B4-F5BE-4E01-8FB3-36ED3E3DECDF}"
EndProject
Project("{2150E333-8FDC-42A3-9474-1A3956D46DE8}") = "Seeder", "Seeder", "{4F58C216-B903-489A-997E-281015BFD573}"
EndProject
Project("{2150E333-8FDC-42A3-9474-1A3956D46DE8}") = "SharedModule", "SharedModule", "{4E372094-90F2-4EF9-BBB7-FCD545B9D9DF}"
EndProject
Project("{2150E333-8FDC-42A3-9474-1A3956D46DE8}") = "BackgroundWorker", "BackgroundWorker", "{871EBDF3-D812-44B1-B464-FA1123927231}"
EndProject
Project("{2150E333-8FDC-42A3-9474-1A3956D46DE8}") = "Simulator", "Simulator", "{8E22F3A9-B489-4EDE-A9A9-75FB98326FCB}"
EndProject
Project("{9A19103F-16F7-4668-BE54-9A1E7A4F7556}") = "BnByachts.Simulator", "buildingblocks\Simulator\BnByachts.Simulator\BnByachts.Simulator.csproj", "{F2E1A40B-E0C6-4FDB-B27D-2555C4AD9E3C}"
EndProject
Project("{9A19103F-16F7-4668-BE54-9A1E7A4F7556}") = "BnByachts.SharedModule", "buildingblocks\SharedModule\BnByachts.SharedModule\BnByachts.SharedModule.csproj", "{5C32793E-7FE7-4C88-AB7E-0A0EDD491038}"
EndProject
Project("{9A19103F-16F7-4668-BE54-9A1E7A4F7556}") = "BnByachts.Seeder", "buildingblocks\Seeder\BnByachts.Seeder\BnByachts.Seeder.csproj", "{4AE89B9C-E4C5-4BA0-BC22-AEB2D721F31D}"
EndProject
Project("{2150E333-8FDC-42A3-9474-1A3956D46DE8}") = "core", "core", "{DE904CEE-B982-4E3A-ABFD-77C9737BDCE4}"
EndProject
Project("{9A19103F-16F7-4668-BE54-9A1E7A4F7556}") = "BnByachts.BackgroundWorker", "buildingblocks\BackgroundWorker\BnByachts.BackgroundWorker\BnByachts.BackgroundWorker.csproj", "{7F5ED8A1-555E-4B92-8F1A-D53BF7862E1B}"
EndProject
Project("{2150E333-8FDC-42A3-9474-1A3956D46DE8}") = "boat", "boat", "{823BCCA9-31FA-4A35-AD37-26A573A1D8CE}"
EndProject
Project("{9A19103F-16F7-4668-BE54-9A1E7A4F7556}") = "BnBYachts.Boat.HttpApi.Host", "microservices\BnBYachts.Boat.HttpApi.Host\BnBYachts.Boat.HttpApi.Host.csproj", "{613EB50B-E815-4C49-80C9-14CE664E2B03}"
EndProject
Project("{2150E333-8FDC-42A3-9474-1A3956D46DE8}") = "src", "src", "{EA4386DF-9B91-4426-8919-E44390053893}"
EndProject
Project("{9A19103F-16F7-4668-BE54-9A1E7A4F7556}") = "BnBYachts.Boat.Application", "modules\boat\src\BnBYachts.Boat.Application\BnBYachts.Boat.Application.csproj", "{A323F352-4CB8-48C7-A8F3-0BDF12DBEF98}"
EndProject
Project("{9A19103F-16F7-4668-BE54-9A1E7A4F7556}") = "BnBYachts.Boat.Application.Contracts", "modules\boat\src\BnBYachts.Boat.Application.Contracts\BnBYachts.Boat.Application.Contracts.csproj", "{81C28943-7E23-433F-A509-05592F9ABE63}"
EndProject
Project("{9A19103F-16F7-4668-BE54-9A1E7A4F7556}") = "BnBYachts.Boat.Domain", "modules\boat\src\BnBYachts.Boat.Domain\BnBYachts.Boat.Domain.csproj", "{92E82FB4-D6F3-4C21-983B-755776E772AE}"
EndProject
Project("{9A19103F-16F7-4668-BE54-9A1E7A4F7556}") = "BnBYachts.Boat.Domain.Shared", "modules\boat\src\BnBYachts.Boat.Domain.Shared\BnBYachts.Boat.Domain.Shared.csproj", "{BDEF09C5-40F0-4CEA-B591-F6A8B110C860}"
EndProject
Project("{9A19103F-16F7-4668-BE54-9A1E7A4F7556}") = "BnBYachts.Boat.EntityFrameworkCore", "modules\boat\src\BnBYachts.Boat.EntityFrameworkCore\BnBYachts.Boat.EntityFrameworkCore.csproj", "{D88633D5-551F-4558-AAC2-8F383B586313}"
EndProject
Project("{9A19103F-16F7-4668-BE54-9A1E7A4F7556}") = "BnBYachts.Boat.HttpApi", "modules\boat\src\BnBYachts.Boat.HttpApi\BnBYachts.Boat.HttpApi.csproj", "{8F2FD59C-269F-4B45-88AB-0736B3EEF035}"
EndProject
Project("{9A19103F-16F7-4668-BE54-9A1E7A4F7556}") = "BnBYachts.Boat.HttpApi.Client", "modules\boat\src\BnBYachts.Boat.HttpApi.Client\BnBYachts.Boat.HttpApi.Client.csproj", "{FF4AF1CE-8A2D-469C-BD1B-939CA151D9E9}"
EndProject
Project("{2150E333-8FDC-42A3-9474-1A3956D46DE8}") = "booking", "booking", "{52C085CE-4A7A-4A0B-A97E-E8893F714CC1}"
EndProject
Project("{2150E333-8FDC-42A3-9474-1A3956D46DE8}") = "src", "src", "{66FE5DE1-D252-4087-A9E6-8E9E4CD1E2EE}"
EndProject
Project("{9A19103F-16F7-4668-BE54-9A1E7A4F7556}") = "BnBYachts.Booking.Application", "modules\booking\src\BnBYachts.Booking.Application\BnBYachts.Booking.Application.csproj", "{5C5356F1-341F-4252-A9CA-D043491832C7}"
EndProject
Project("{9A19103F-16F7-4668-BE54-9A1E7A4F7556}") = "BnBYachts.Booking.Application.Contracts", "modules\booking\src\BnBYachts.Booking.Application.Contracts\BnBYachts.Booking.Application.Contracts.csproj", "{32E85890-BC06-4F7C-8BA6-7F6C0AC08431}"
EndProject
Project("{9A19103F-16F7-4668-BE54-9A1E7A4F7556}") = "BnBYachts.Booking.DbMigrator", "modules\booking\src\BnBYachts.Booking.DbMigrator\BnBYachts.Booking.DbMigrator.csproj", "{C1D94851-768F-4A42-9DE5-5641A3ABC285}"
EndProject
Project("{9A19103F-16F7-4668-BE54-9A1E7A4F7556}") = "BnBYachts.Booking.Domain", "modules\booking\src\BnBYachts.Booking.Domain\BnBYachts.Booking.Domain.csproj", "{E0619EEB-25B0-475C-B1FD-3008A1918148}"
EndProject
Project("{9A19103F-16F7-4668-BE54-9A1E7A4F7556}") = "BnBYachts.Booking.Domain.Shared", "modules\booking\src\BnBYachts.Booking.Domain.Shared\BnBYachts.Booking.Domain.Shared.csproj", "{92885F7D-4587-426A-9782-2EA9F18134C3}"
EndProject
Project("{9A19103F-16F7-4668-BE54-9A1E7A4F7556}") = "BnBYachts.Booking.EntityFrameworkCore", "modules\booking\src\BnBYachts.Booking.EntityFrameworkCore\BnBYachts.Booking.EntityFrameworkCore.csproj", "{8B3D2A04-D0E9-4193-B53B-E0B128A5C8D2}"
EndProject
Project("{9A19103F-16F7-4668-BE54-9A1E7A4F7556}") = "BnBYachts.Booking.HttpApi", "modules\booking\src\BnBYachts.Booking.HttpApi\BnBYachts.Booking.HttpApi.csproj", "{E6BA9DB7-1AAA-498D-AACA-874D773DC1ED}"
EndProject
Project("{9A19103F-16F7-4668-BE54-9A1E7A4F7556}") = "BnBYachts.Booking.HttpApi.Client", "modules\booking\src\BnBYachts.Booking.HttpApi.Client\BnBYachts.Booking.HttpApi.Client.csproj", "{8334E3A9-2BE5-415B-B7E1-04ED370C2FA4}"
EndProject
Project("{9A19103F-16F7-4668-BE54-9A1E7A4F7556}") = "BnBYachts.Booking.HttpApi.Host", "microservices\BnBYachts.Booking.HttpApi.Host\BnBYachts.Booking.HttpApi.Host.csproj", "{A863E9F4-F37F-48BC-A50C-26B81BD44287}"
EndProject
Project("{9A19103F-16F7-4668-BE54-9A1E7A4F7556}") = "BnBYachts.Core.HttpApi.Host", "microservices\BnBYachts.Core.HttpApi.Host\BnBYachts.Core.HttpApi.Host.csproj", "{38859174-76A7-4D62-9268-BA7C6080096E}"
EndProject
Project("{2150E333-8FDC-42A3-9474-1A3956D46DE8}") = "src", "src", "{96D9225F-F5F8-4BF2-9055-8AFDC283E089}"
EndProject
Project("{9A19103F-16F7-4668-BE54-9A1E7A4F7556}") = "BnBYachts.Core.Application", "modules\core\src\BnBYachts.Core.Application\BnBYachts.Core.Application.csproj", "{9EC08FBF-49B5-44C2-8064-98B18B43BCC2}"
EndProject
Project("{9A19103F-16F7-4668-BE54-9A1E7A4F7556}") = "BnBYachts.Core.Application.Contracts", "modules\core\src\BnBYachts.Core.Application.Contracts\BnBYachts.Core.Application.Contracts.csproj", "{F42E2214-60B3-4922-8DF8-83F9A2F05842}"
EndProject
Project("{9A19103F-16F7-4668-BE54-9A1E7A4F7556}") = "BnBYachts.Core.DbMigrator", "modules\core\src\BnBYachts.Core.DbMigrator\BnBYachts.Core.DbMigrator.csproj", "{7BFFD001-85CE-4720-8CFF-E731E0F54441}"
EndProject
Project("{9A19103F-16F7-4668-BE54-9A1E7A4F7556}") = "BnBYachts.Core.Domain", "modules\core\src\BnBYachts.Core.Domain\BnBYachts.Core.Domain.csproj", "{E114AE6D-F30D-4563-9574-EE3FD7C34714}"
EndProject
Project("{9A19103F-16F7-4668-BE54-9A1E7A4F7556}") = "BnBYachts.Core.Domain.Shared", "modules\core\src\BnBYachts.Core.Domain.Shared\BnBYachts.Core.Domain.Shared.csproj", "{3AB753B4-DE7B-4E2A-A835-9B43AC1A496A}"
EndProject
Project("{9A19103F-16F7-4668-BE54-9A1E7A4F7556}") = "BnBYachts.Core.EntityFrameworkCore", "modules\core\src\BnBYachts.Core.EntityFrameworkCore\BnBYachts.Core.EntityFrameworkCore.csproj", "{B0BB21F8-996C-4D09-BE94-987653830E24}"
EndProject
Project("{9A19103F-16F7-4668-BE54-9A1E7A4F7556}") = "BnBYachts.Core.HttpApi", "modules\core\src\BnBYachts.Core.HttpApi\BnBYachts.Core.HttpApi.csproj", "{FC15E3DC-E596-480A-9683-5FF63F51BFBA}"
EndProject
Project("{9A19103F-16F7-4668-BE54-9A1E7A4F7556}") = "BnBYachts.Core.HttpApi.Client", "modules\core\src\BnBYachts.Core.HttpApi.Client\BnBYachts.Core.HttpApi.Client.csproj", "{50459983-D7CE-4C76-8C9C-16A1C6A73DC1}"
EndProject
Project("{2150E333-8FDC-42A3-9474-1A3956D46DE8}") = "notificationHub", "notificationHub", "{5B43B67C-D3DE-4E14-B785-576B1D612EAF}"
EndProject
Project("{2150E333-8FDC-42A3-9474-1A3956D46DE8}") = "eventBus", "eventBus", "{CED93A79-2ABD-476D-9785-4F32C35C7D1A}"
EndProject
Project("{9A19103F-16F7-4668-BE54-9A1E7A4F7556}") = "BnBYachts.EventBusShared", "modules\EventBus\BnBYachts.EventBusShared\BnBYachts.EventBusShared.csproj", "{90B1A5D0-B6CC-472D-A44C-C301793985CA}"
EndProject
Project("{2150E333-8FDC-42A3-9474-1A3956D46DE8}") = "payments", "payments", "{3277D416-8383-4F16-8435-B718B6F05ABC}"
EndProject
Project("{2150E333-8FDC-42A3-9474-1A3956D46DE8}") = "src", "src", "{4190C907-2435-4A88-98AF-2C16458D8B26}"
EndProject
Project("{9A19103F-16F7-4668-BE54-9A1E7A4F7556}") = "BnBYachts.Payments.Application", "modules\payment\src\BnBYachts.Payments.Application\BnBYachts.Payments.Application.csproj", "{BB57EE13-84DD-4A60-8A51-BD8236023314}"
EndProject
Project("{9A19103F-16F7-4668-BE54-9A1E7A4F7556}") = "BnBYachts.Payments.Application.Contracts", "modules\payment\src\BnBYachts.Payments.Application.Contracts\BnBYachts.Payments.Application.Contracts.csproj", "{FCE33300-1584-4E32-87CF-DF30251FC8F5}"
EndProject
Project("{9A19103F-16F7-4668-BE54-9A1E7A4F7556}") = "BnBYachts.Payments.DbMigrator", "modules\payment\src\BnBYachts.Payments.DbMigrator\BnBYachts.Payments.DbMigrator.csproj", "{902E1723-9700-4C8E-A78B-C0729E624C34}"
EndProject
Project("{9A19103F-16F7-4668-BE54-9A1E7A4F7556}") = "BnBYachts.Payments.Domain", "modules\payment\src\BnBYachts.Payments.Domain\BnBYachts.Payments.Domain.csproj", "{943F6DD1-BD0E-489A-8D28-8FDD74F58FAA}"
EndProject
Project("{9A19103F-16F7-4668-BE54-9A1E7A4F7556}") = "BnBYachts.Payments.Domain.Shared", "modules\payment\src\BnBYachts.Payments.Domain.Shared\BnBYachts.Payments.Domain.Shared.csproj", "{CDB59688-672D-4649-8D9D-1E66E07DAF5B}"
EndProject
Project("{9A19103F-16F7-4668-BE54-9A1E7A4F7556}") = "BnBYachts.Payments.EntityFrameworkCore", "modules\payment\src\BnBYachts.Payments.EntityFrameworkCore\BnBYachts.Payments.EntityFrameworkCore.csproj", "{A783AE5D-2EA8-4D77-9B16-4C359D30B3FA}"
EndProject
Project("{9A19103F-16F7-4668-BE54-9A1E7A4F7556}") = "BnBYachts.Payments.HttpApi", "modules\payment\src\BnBYachts.Payments.HttpApi\BnBYachts.Payments.HttpApi.csproj", "{2DC80977-7088-447B-A323-5552ED230A5D}"
EndProject
Project("{9A19103F-16F7-4668-BE54-9A1E7A4F7556}") = "BnBYachts.Payments.HttpApi.Client", "modules\payment\src\BnBYachts.Payments.HttpApi.Client\BnBYachts.Payments.HttpApi.Client.csproj", "{F18640F6-0DFF-48DB-B90C-16F64A738439}"
EndProject
Project("{9A19103F-16F7-4668-BE54-9A1E7A4F7556}") = "BnBYachts.Payments.HttpApi.Host", "microservices\BnBYachts.Payments.HttpApi.Host\BnBYachts.Payments.HttpApi.Host.csproj", "{61EF243B-5F9D-4CF6-8D46-9ACE03D79556}"
EndProject
Project("{2150E333-8FDC-42A3-9474-1A3956D46DE8}") = "observable", "observable", "{3F20B686-62DC-43F1-B600-A53E96A5E0AF}"
EndProject
Project("{9A19103F-16F7-4668-BE54-9A1E7A4F7556}") = "BnByachts.SeedObservable", "buildingblocks\seeder\Feeder\BnByachts.Seed.Feeder\BnByachts.SeedObservable.csproj", "{CAA254C7-5D21-4AAF-BE16-737ACF13845B}"
EndProject
Project("{9A19103F-16F7-4668-BE54-9A1E7A4F7556}") = "BnByachts.NotificationHub", "modules\notificationHub\BnByachts.NotificationHub\BnByachts.NotificationHub.csproj", "{4FA2507E-6AE8-45EF-B2AB-F989BFD187C1}"
EndProject
Project("{FAE04EC0-301F-11D3-BF4B-00C04F79EFBC}") = "BnBYachts.WebSocket", "microservices\BnBYachts.SocketWeb\BnBYachts.WebSocket.csproj", "{F456DD33-A6AE-44A7-9EF4-A3DA04DC9EA9}"
EndProject
Global
	GlobalSection(SolutionConfigurationPlatforms) = preSolution
		Debug|Any CPU = Debug|Any CPU
		Release|Any CPU = Release|Any CPU
	EndGlobalSection
	GlobalSection(ProjectConfigurationPlatforms) = postSolution
		{47148558-B456-4E38-9F57-374D600F015F}.Debug|Any CPU.ActiveCfg = Debug|Any CPU
		{47148558-B456-4E38-9F57-374D600F015F}.Debug|Any CPU.Build.0 = Debug|Any CPU
		{47148558-B456-4E38-9F57-374D600F015F}.Release|Any CPU.ActiveCfg = Release|Any CPU
		{47148558-B456-4E38-9F57-374D600F015F}.Release|Any CPU.Build.0 = Release|Any CPU
		{943238C6-7DCA-4944-9654-2CA325811BE4}.Debug|Any CPU.ActiveCfg = Debug|Any CPU
		{943238C6-7DCA-4944-9654-2CA325811BE4}.Debug|Any CPU.Build.0 = Debug|Any CPU
		{943238C6-7DCA-4944-9654-2CA325811BE4}.Release|Any CPU.ActiveCfg = Release|Any CPU
		{943238C6-7DCA-4944-9654-2CA325811BE4}.Release|Any CPU.Build.0 = Release|Any CPU
		{1F1157B4-F5BE-4E01-8FB3-36ED3E3DECDF}.Debug|Any CPU.ActiveCfg = Debug|Any CPU
		{1F1157B4-F5BE-4E01-8FB3-36ED3E3DECDF}.Debug|Any CPU.Build.0 = Debug|Any CPU
		{1F1157B4-F5BE-4E01-8FB3-36ED3E3DECDF}.Release|Any CPU.ActiveCfg = Release|Any CPU
		{1F1157B4-F5BE-4E01-8FB3-36ED3E3DECDF}.Release|Any CPU.Build.0 = Release|Any CPU
		{F2E1A40B-E0C6-4FDB-B27D-2555C4AD9E3C}.Debug|Any CPU.ActiveCfg = Debug|Any CPU
		{F2E1A40B-E0C6-4FDB-B27D-2555C4AD9E3C}.Debug|Any CPU.Build.0 = Debug|Any CPU
		{F2E1A40B-E0C6-4FDB-B27D-2555C4AD9E3C}.Release|Any CPU.ActiveCfg = Release|Any CPU
		{F2E1A40B-E0C6-4FDB-B27D-2555C4AD9E3C}.Release|Any CPU.Build.0 = Release|Any CPU
		{5C32793E-7FE7-4C88-AB7E-0A0EDD491038}.Debug|Any CPU.ActiveCfg = Debug|Any CPU
		{5C32793E-7FE7-4C88-AB7E-0A0EDD491038}.Debug|Any CPU.Build.0 = Debug|Any CPU
		{5C32793E-7FE7-4C88-AB7E-0A0EDD491038}.Release|Any CPU.ActiveCfg = Release|Any CPU
		{5C32793E-7FE7-4C88-AB7E-0A0EDD491038}.Release|Any CPU.Build.0 = Release|Any CPU
		{4AE89B9C-E4C5-4BA0-BC22-AEB2D721F31D}.Debug|Any CPU.ActiveCfg = Debug|Any CPU
		{4AE89B9C-E4C5-4BA0-BC22-AEB2D721F31D}.Debug|Any CPU.Build.0 = Debug|Any CPU
		{4AE89B9C-E4C5-4BA0-BC22-AEB2D721F31D}.Release|Any CPU.ActiveCfg = Release|Any CPU
		{4AE89B9C-E4C5-4BA0-BC22-AEB2D721F31D}.Release|Any CPU.Build.0 = Release|Any CPU
		{7F5ED8A1-555E-4B92-8F1A-D53BF7862E1B}.Debug|Any CPU.ActiveCfg = Debug|Any CPU
		{7F5ED8A1-555E-4B92-8F1A-D53BF7862E1B}.Debug|Any CPU.Build.0 = Debug|Any CPU
		{7F5ED8A1-555E-4B92-8F1A-D53BF7862E1B}.Release|Any CPU.ActiveCfg = Release|Any CPU
		{7F5ED8A1-555E-4B92-8F1A-D53BF7862E1B}.Release|Any CPU.Build.0 = Release|Any CPU
		{613EB50B-E815-4C49-80C9-14CE664E2B03}.Debug|Any CPU.ActiveCfg = Debug|Any CPU
		{613EB50B-E815-4C49-80C9-14CE664E2B03}.Debug|Any CPU.Build.0 = Debug|Any CPU
		{613EB50B-E815-4C49-80C9-14CE664E2B03}.Release|Any CPU.ActiveCfg = Release|Any CPU
		{613EB50B-E815-4C49-80C9-14CE664E2B03}.Release|Any CPU.Build.0 = Release|Any CPU
		{A323F352-4CB8-48C7-A8F3-0BDF12DBEF98}.Debug|Any CPU.ActiveCfg = Debug|Any CPU
		{A323F352-4CB8-48C7-A8F3-0BDF12DBEF98}.Debug|Any CPU.Build.0 = Debug|Any CPU
		{A323F352-4CB8-48C7-A8F3-0BDF12DBEF98}.Release|Any CPU.ActiveCfg = Release|Any CPU
		{A323F352-4CB8-48C7-A8F3-0BDF12DBEF98}.Release|Any CPU.Build.0 = Release|Any CPU
		{81C28943-7E23-433F-A509-05592F9ABE63}.Debug|Any CPU.ActiveCfg = Debug|Any CPU
		{81C28943-7E23-433F-A509-05592F9ABE63}.Debug|Any CPU.Build.0 = Debug|Any CPU
		{81C28943-7E23-433F-A509-05592F9ABE63}.Release|Any CPU.ActiveCfg = Release|Any CPU
		{81C28943-7E23-433F-A509-05592F9ABE63}.Release|Any CPU.Build.0 = Release|Any CPU
		{92E82FB4-D6F3-4C21-983B-755776E772AE}.Debug|Any CPU.ActiveCfg = Debug|Any CPU
		{92E82FB4-D6F3-4C21-983B-755776E772AE}.Debug|Any CPU.Build.0 = Debug|Any CPU
		{92E82FB4-D6F3-4C21-983B-755776E772AE}.Release|Any CPU.ActiveCfg = Release|Any CPU
		{92E82FB4-D6F3-4C21-983B-755776E772AE}.Release|Any CPU.Build.0 = Release|Any CPU
		{BDEF09C5-40F0-4CEA-B591-F6A8B110C860}.Debug|Any CPU.ActiveCfg = Debug|Any CPU
		{BDEF09C5-40F0-4CEA-B591-F6A8B110C860}.Debug|Any CPU.Build.0 = Debug|Any CPU
		{BDEF09C5-40F0-4CEA-B591-F6A8B110C860}.Release|Any CPU.ActiveCfg = Release|Any CPU
		{BDEF09C5-40F0-4CEA-B591-F6A8B110C860}.Release|Any CPU.Build.0 = Release|Any CPU
		{D88633D5-551F-4558-AAC2-8F383B586313}.Debug|Any CPU.ActiveCfg = Debug|Any CPU
		{D88633D5-551F-4558-AAC2-8F383B586313}.Debug|Any CPU.Build.0 = Debug|Any CPU
		{D88633D5-551F-4558-AAC2-8F383B586313}.Release|Any CPU.ActiveCfg = Release|Any CPU
		{D88633D5-551F-4558-AAC2-8F383B586313}.Release|Any CPU.Build.0 = Release|Any CPU
		{8F2FD59C-269F-4B45-88AB-0736B3EEF035}.Debug|Any CPU.ActiveCfg = Debug|Any CPU
		{8F2FD59C-269F-4B45-88AB-0736B3EEF035}.Debug|Any CPU.Build.0 = Debug|Any CPU
		{8F2FD59C-269F-4B45-88AB-0736B3EEF035}.Release|Any CPU.ActiveCfg = Release|Any CPU
		{8F2FD59C-269F-4B45-88AB-0736B3EEF035}.Release|Any CPU.Build.0 = Release|Any CPU
		{FF4AF1CE-8A2D-469C-BD1B-939CA151D9E9}.Debug|Any CPU.ActiveCfg = Debug|Any CPU
		{FF4AF1CE-8A2D-469C-BD1B-939CA151D9E9}.Debug|Any CPU.Build.0 = Debug|Any CPU
		{FF4AF1CE-8A2D-469C-BD1B-939CA151D9E9}.Release|Any CPU.ActiveCfg = Release|Any CPU
		{FF4AF1CE-8A2D-469C-BD1B-939CA151D9E9}.Release|Any CPU.Build.0 = Release|Any CPU
		{5C5356F1-341F-4252-A9CA-D043491832C7}.Debug|Any CPU.ActiveCfg = Debug|Any CPU
		{5C5356F1-341F-4252-A9CA-D043491832C7}.Debug|Any CPU.Build.0 = Debug|Any CPU
		{5C5356F1-341F-4252-A9CA-D043491832C7}.Release|Any CPU.ActiveCfg = Release|Any CPU
		{5C5356F1-341F-4252-A9CA-D043491832C7}.Release|Any CPU.Build.0 = Release|Any CPU
		{32E85890-BC06-4F7C-8BA6-7F6C0AC08431}.Debug|Any CPU.ActiveCfg = Debug|Any CPU
		{32E85890-BC06-4F7C-8BA6-7F6C0AC08431}.Debug|Any CPU.Build.0 = Debug|Any CPU
		{32E85890-BC06-4F7C-8BA6-7F6C0AC08431}.Release|Any CPU.ActiveCfg = Release|Any CPU
		{32E85890-BC06-4F7C-8BA6-7F6C0AC08431}.Release|Any CPU.Build.0 = Release|Any CPU
		{C1D94851-768F-4A42-9DE5-5641A3ABC285}.Debug|Any CPU.ActiveCfg = Debug|Any CPU
		{C1D94851-768F-4A42-9DE5-5641A3ABC285}.Debug|Any CPU.Build.0 = Debug|Any CPU
		{C1D94851-768F-4A42-9DE5-5641A3ABC285}.Release|Any CPU.ActiveCfg = Release|Any CPU
		{C1D94851-768F-4A42-9DE5-5641A3ABC285}.Release|Any CPU.Build.0 = Release|Any CPU
		{E0619EEB-25B0-475C-B1FD-3008A1918148}.Debug|Any CPU.ActiveCfg = Debug|Any CPU
		{E0619EEB-25B0-475C-B1FD-3008A1918148}.Debug|Any CPU.Build.0 = Debug|Any CPU
		{E0619EEB-25B0-475C-B1FD-3008A1918148}.Release|Any CPU.ActiveCfg = Release|Any CPU
		{E0619EEB-25B0-475C-B1FD-3008A1918148}.Release|Any CPU.Build.0 = Release|Any CPU
		{92885F7D-4587-426A-9782-2EA9F18134C3}.Debug|Any CPU.ActiveCfg = Debug|Any CPU
		{92885F7D-4587-426A-9782-2EA9F18134C3}.Debug|Any CPU.Build.0 = Debug|Any CPU
		{92885F7D-4587-426A-9782-2EA9F18134C3}.Release|Any CPU.ActiveCfg = Release|Any CPU
		{92885F7D-4587-426A-9782-2EA9F18134C3}.Release|Any CPU.Build.0 = Release|Any CPU
		{8B3D2A04-D0E9-4193-B53B-E0B128A5C8D2}.Debug|Any CPU.ActiveCfg = Debug|Any CPU
		{8B3D2A04-D0E9-4193-B53B-E0B128A5C8D2}.Debug|Any CPU.Build.0 = Debug|Any CPU
		{8B3D2A04-D0E9-4193-B53B-E0B128A5C8D2}.Release|Any CPU.ActiveCfg = Release|Any CPU
		{8B3D2A04-D0E9-4193-B53B-E0B128A5C8D2}.Release|Any CPU.Build.0 = Release|Any CPU
		{E6BA9DB7-1AAA-498D-AACA-874D773DC1ED}.Debug|Any CPU.ActiveCfg = Debug|Any CPU
		{E6BA9DB7-1AAA-498D-AACA-874D773DC1ED}.Debug|Any CPU.Build.0 = Debug|Any CPU
		{E6BA9DB7-1AAA-498D-AACA-874D773DC1ED}.Release|Any CPU.ActiveCfg = Release|Any CPU
		{E6BA9DB7-1AAA-498D-AACA-874D773DC1ED}.Release|Any CPU.Build.0 = Release|Any CPU
		{8334E3A9-2BE5-415B-B7E1-04ED370C2FA4}.Debug|Any CPU.ActiveCfg = Debug|Any CPU
		{8334E3A9-2BE5-415B-B7E1-04ED370C2FA4}.Debug|Any CPU.Build.0 = Debug|Any CPU
		{8334E3A9-2BE5-415B-B7E1-04ED370C2FA4}.Release|Any CPU.ActiveCfg = Release|Any CPU
		{8334E3A9-2BE5-415B-B7E1-04ED370C2FA4}.Release|Any CPU.Build.0 = Release|Any CPU
		{A863E9F4-F37F-48BC-A50C-26B81BD44287}.Debug|Any CPU.ActiveCfg = Debug|Any CPU
		{A863E9F4-F37F-48BC-A50C-26B81BD44287}.Debug|Any CPU.Build.0 = Debug|Any CPU
		{A863E9F4-F37F-48BC-A50C-26B81BD44287}.Release|Any CPU.ActiveCfg = Release|Any CPU
		{A863E9F4-F37F-48BC-A50C-26B81BD44287}.Release|Any CPU.Build.0 = Release|Any CPU
		{38859174-76A7-4D62-9268-BA7C6080096E}.Debug|Any CPU.ActiveCfg = Debug|Any CPU
		{38859174-76A7-4D62-9268-BA7C6080096E}.Debug|Any CPU.Build.0 = Debug|Any CPU
		{38859174-76A7-4D62-9268-BA7C6080096E}.Release|Any CPU.ActiveCfg = Release|Any CPU
		{38859174-76A7-4D62-9268-BA7C6080096E}.Release|Any CPU.Build.0 = Release|Any CPU
		{9EC08FBF-49B5-44C2-8064-98B18B43BCC2}.Debug|Any CPU.ActiveCfg = Debug|Any CPU
		{9EC08FBF-49B5-44C2-8064-98B18B43BCC2}.Debug|Any CPU.Build.0 = Debug|Any CPU
		{9EC08FBF-49B5-44C2-8064-98B18B43BCC2}.Release|Any CPU.ActiveCfg = Release|Any CPU
		{9EC08FBF-49B5-44C2-8064-98B18B43BCC2}.Release|Any CPU.Build.0 = Release|Any CPU
		{F42E2214-60B3-4922-8DF8-83F9A2F05842}.Debug|Any CPU.ActiveCfg = Debug|Any CPU
		{F42E2214-60B3-4922-8DF8-83F9A2F05842}.Debug|Any CPU.Build.0 = Debug|Any CPU
		{F42E2214-60B3-4922-8DF8-83F9A2F05842}.Release|Any CPU.ActiveCfg = Release|Any CPU
		{F42E2214-60B3-4922-8DF8-83F9A2F05842}.Release|Any CPU.Build.0 = Release|Any CPU
		{7BFFD001-85CE-4720-8CFF-E731E0F54441}.Debug|Any CPU.ActiveCfg = Debug|Any CPU
		{7BFFD001-85CE-4720-8CFF-E731E0F54441}.Debug|Any CPU.Build.0 = Debug|Any CPU
		{7BFFD001-85CE-4720-8CFF-E731E0F54441}.Release|Any CPU.ActiveCfg = Release|Any CPU
		{7BFFD001-85CE-4720-8CFF-E731E0F54441}.Release|Any CPU.Build.0 = Release|Any CPU
		{E114AE6D-F30D-4563-9574-EE3FD7C34714}.Debug|Any CPU.ActiveCfg = Debug|Any CPU
		{E114AE6D-F30D-4563-9574-EE3FD7C34714}.Debug|Any CPU.Build.0 = Debug|Any CPU
		{E114AE6D-F30D-4563-9574-EE3FD7C34714}.Release|Any CPU.ActiveCfg = Release|Any CPU
		{E114AE6D-F30D-4563-9574-EE3FD7C34714}.Release|Any CPU.Build.0 = Release|Any CPU
		{3AB753B4-DE7B-4E2A-A835-9B43AC1A496A}.Debug|Any CPU.ActiveCfg = Debug|Any CPU
		{3AB753B4-DE7B-4E2A-A835-9B43AC1A496A}.Debug|Any CPU.Build.0 = Debug|Any CPU
		{3AB753B4-DE7B-4E2A-A835-9B43AC1A496A}.Release|Any CPU.ActiveCfg = Release|Any CPU
		{3AB753B4-DE7B-4E2A-A835-9B43AC1A496A}.Release|Any CPU.Build.0 = Release|Any CPU
		{B0BB21F8-996C-4D09-BE94-987653830E24}.Debug|Any CPU.ActiveCfg = Debug|Any CPU
		{B0BB21F8-996C-4D09-BE94-987653830E24}.Debug|Any CPU.Build.0 = Debug|Any CPU
		{B0BB21F8-996C-4D09-BE94-987653830E24}.Release|Any CPU.ActiveCfg = Release|Any CPU
		{B0BB21F8-996C-4D09-BE94-987653830E24}.Release|Any CPU.Build.0 = Release|Any CPU
		{FC15E3DC-E596-480A-9683-5FF63F51BFBA}.Debug|Any CPU.ActiveCfg = Debug|Any CPU
		{FC15E3DC-E596-480A-9683-5FF63F51BFBA}.Debug|Any CPU.Build.0 = Debug|Any CPU
		{FC15E3DC-E596-480A-9683-5FF63F51BFBA}.Release|Any CPU.ActiveCfg = Release|Any CPU
		{FC15E3DC-E596-480A-9683-5FF63F51BFBA}.Release|Any CPU.Build.0 = Release|Any CPU
		{50459983-D7CE-4C76-8C9C-16A1C6A73DC1}.Debug|Any CPU.ActiveCfg = Debug|Any CPU
		{50459983-D7CE-4C76-8C9C-16A1C6A73DC1}.Debug|Any CPU.Build.0 = Debug|Any CPU
		{50459983-D7CE-4C76-8C9C-16A1C6A73DC1}.Release|Any CPU.ActiveCfg = Release|Any CPU
		{50459983-D7CE-4C76-8C9C-16A1C6A73DC1}.Release|Any CPU.Build.0 = Release|Any CPU
		{90B1A5D0-B6CC-472D-A44C-C301793985CA}.Debug|Any CPU.ActiveCfg = Debug|Any CPU
		{90B1A5D0-B6CC-472D-A44C-C301793985CA}.Debug|Any CPU.Build.0 = Debug|Any CPU
		{90B1A5D0-B6CC-472D-A44C-C301793985CA}.Release|Any CPU.ActiveCfg = Release|Any CPU
		{90B1A5D0-B6CC-472D-A44C-C301793985CA}.Release|Any CPU.Build.0 = Release|Any CPU
		{BB57EE13-84DD-4A60-8A51-BD8236023314}.Debug|Any CPU.ActiveCfg = Debug|Any CPU
		{BB57EE13-84DD-4A60-8A51-BD8236023314}.Debug|Any CPU.Build.0 = Debug|Any CPU
		{BB57EE13-84DD-4A60-8A51-BD8236023314}.Release|Any CPU.ActiveCfg = Release|Any CPU
		{BB57EE13-84DD-4A60-8A51-BD8236023314}.Release|Any CPU.Build.0 = Release|Any CPU
		{FCE33300-1584-4E32-87CF-DF30251FC8F5}.Debug|Any CPU.ActiveCfg = Debug|Any CPU
		{FCE33300-1584-4E32-87CF-DF30251FC8F5}.Debug|Any CPU.Build.0 = Debug|Any CPU
		{FCE33300-1584-4E32-87CF-DF30251FC8F5}.Release|Any CPU.ActiveCfg = Release|Any CPU
		{FCE33300-1584-4E32-87CF-DF30251FC8F5}.Release|Any CPU.Build.0 = Release|Any CPU
		{902E1723-9700-4C8E-A78B-C0729E624C34}.Debug|Any CPU.ActiveCfg = Debug|Any CPU
		{902E1723-9700-4C8E-A78B-C0729E624C34}.Debug|Any CPU.Build.0 = Debug|Any CPU
		{902E1723-9700-4C8E-A78B-C0729E624C34}.Release|Any CPU.ActiveCfg = Release|Any CPU
		{902E1723-9700-4C8E-A78B-C0729E624C34}.Release|Any CPU.Build.0 = Release|Any CPU
		{943F6DD1-BD0E-489A-8D28-8FDD74F58FAA}.Debug|Any CPU.ActiveCfg = Debug|Any CPU
		{943F6DD1-BD0E-489A-8D28-8FDD74F58FAA}.Debug|Any CPU.Build.0 = Debug|Any CPU
		{943F6DD1-BD0E-489A-8D28-8FDD74F58FAA}.Release|Any CPU.ActiveCfg = Release|Any CPU
		{943F6DD1-BD0E-489A-8D28-8FDD74F58FAA}.Release|Any CPU.Build.0 = Release|Any CPU
		{CDB59688-672D-4649-8D9D-1E66E07DAF5B}.Debug|Any CPU.ActiveCfg = Debug|Any CPU
		{CDB59688-672D-4649-8D9D-1E66E07DAF5B}.Debug|Any CPU.Build.0 = Debug|Any CPU
		{CDB59688-672D-4649-8D9D-1E66E07DAF5B}.Release|Any CPU.ActiveCfg = Release|Any CPU
		{CDB59688-672D-4649-8D9D-1E66E07DAF5B}.Release|Any CPU.Build.0 = Release|Any CPU
		{A783AE5D-2EA8-4D77-9B16-4C359D30B3FA}.Debug|Any CPU.ActiveCfg = Debug|Any CPU
		{A783AE5D-2EA8-4D77-9B16-4C359D30B3FA}.Debug|Any CPU.Build.0 = Debug|Any CPU
		{A783AE5D-2EA8-4D77-9B16-4C359D30B3FA}.Release|Any CPU.ActiveCfg = Release|Any CPU
		{A783AE5D-2EA8-4D77-9B16-4C359D30B3FA}.Release|Any CPU.Build.0 = Release|Any CPU
		{2DC80977-7088-447B-A323-5552ED230A5D}.Debug|Any CPU.ActiveCfg = Debug|Any CPU
		{2DC80977-7088-447B-A323-5552ED230A5D}.Debug|Any CPU.Build.0 = Debug|Any CPU
		{2DC80977-7088-447B-A323-5552ED230A5D}.Release|Any CPU.ActiveCfg = Release|Any CPU
		{2DC80977-7088-447B-A323-5552ED230A5D}.Release|Any CPU.Build.0 = Release|Any CPU
		{F18640F6-0DFF-48DB-B90C-16F64A738439}.Debug|Any CPU.ActiveCfg = Debug|Any CPU
		{F18640F6-0DFF-48DB-B90C-16F64A738439}.Debug|Any CPU.Build.0 = Debug|Any CPU
		{F18640F6-0DFF-48DB-B90C-16F64A738439}.Release|Any CPU.ActiveCfg = Release|Any CPU
		{F18640F6-0DFF-48DB-B90C-16F64A738439}.Release|Any CPU.Build.0 = Release|Any CPU
		{61EF243B-5F9D-4CF6-8D46-9ACE03D79556}.Debug|Any CPU.ActiveCfg = Debug|Any CPU
		{61EF243B-5F9D-4CF6-8D46-9ACE03D79556}.Debug|Any CPU.Build.0 = Debug|Any CPU
		{61EF243B-5F9D-4CF6-8D46-9ACE03D79556}.Release|Any CPU.ActiveCfg = Release|Any CPU
		{61EF243B-5F9D-4CF6-8D46-9ACE03D79556}.Release|Any CPU.Build.0 = Release|Any CPU
		{CAA254C7-5D21-4AAF-BE16-737ACF13845B}.Debug|Any CPU.ActiveCfg = Debug|Any CPU
		{CAA254C7-5D21-4AAF-BE16-737ACF13845B}.Debug|Any CPU.Build.0 = Debug|Any CPU
		{CAA254C7-5D21-4AAF-BE16-737ACF13845B}.Release|Any CPU.ActiveCfg = Release|Any CPU
		{CAA254C7-5D21-4AAF-BE16-737ACF13845B}.Release|Any CPU.Build.0 = Release|Any CPU
		{4FA2507E-6AE8-45EF-B2AB-F989BFD187C1}.Debug|Any CPU.ActiveCfg = Debug|Any CPU
		{4FA2507E-6AE8-45EF-B2AB-F989BFD187C1}.Debug|Any CPU.Build.0 = Debug|Any CPU
		{4FA2507E-6AE8-45EF-B2AB-F989BFD187C1}.Release|Any CPU.ActiveCfg = Release|Any CPU
		{4FA2507E-6AE8-45EF-B2AB-F989BFD187C1}.Release|Any CPU.Build.0 = Release|Any CPU
		{F456DD33-A6AE-44A7-9EF4-A3DA04DC9EA9}.Debug|Any CPU.ActiveCfg = Debug|Any CPU
		{F456DD33-A6AE-44A7-9EF4-A3DA04DC9EA9}.Debug|Any CPU.Build.0 = Debug|Any CPU
		{F456DD33-A6AE-44A7-9EF4-A3DA04DC9EA9}.Release|Any CPU.ActiveCfg = Release|Any CPU
		{F456DD33-A6AE-44A7-9EF4-A3DA04DC9EA9}.Release|Any CPU.Build.0 = Release|Any CPU
	EndGlobalSection
	GlobalSection(SolutionProperties) = preSolution
		HideSolutionNode = FALSE
	EndGlobalSection
	GlobalSection(NestedProjects) = preSolution
		{47148558-B456-4E38-9F57-374D600F015F} = {46707728-9637-413A-A92C-F5B6643B5958}
		{943238C6-7DCA-4944-9654-2CA325811BE4} = {46707728-9637-413A-A92C-F5B6643B5958}
		{1F1157B4-F5BE-4E01-8FB3-36ED3E3DECDF} = {D9402112-C592-4E6A-812C-0937D65C9D70}
		{4F58C216-B903-489A-997E-281015BFD573} = {F691ACC8-3A5C-4CB9-8D36-15A2A78F08FD}
		{4E372094-90F2-4EF9-BBB7-FCD545B9D9DF} = {F691ACC8-3A5C-4CB9-8D36-15A2A78F08FD}
		{871EBDF3-D812-44B1-B464-FA1123927231} = {F691ACC8-3A5C-4CB9-8D36-15A2A78F08FD}
		{8E22F3A9-B489-4EDE-A9A9-75FB98326FCB} = {F691ACC8-3A5C-4CB9-8D36-15A2A78F08FD}
		{F2E1A40B-E0C6-4FDB-B27D-2555C4AD9E3C} = {8E22F3A9-B489-4EDE-A9A9-75FB98326FCB}
		{5C32793E-7FE7-4C88-AB7E-0A0EDD491038} = {4E372094-90F2-4EF9-BBB7-FCD545B9D9DF}
		{4AE89B9C-E4C5-4BA0-BC22-AEB2D721F31D} = {4F58C216-B903-489A-997E-281015BFD573}
		{DE904CEE-B982-4E3A-ABFD-77C9737BDCE4} = {3F5FB678-3F71-4534-9D1F-47AFD67F9A33}
		{7F5ED8A1-555E-4B92-8F1A-D53BF7862E1B} = {871EBDF3-D812-44B1-B464-FA1123927231}
		{823BCCA9-31FA-4A35-AD37-26A573A1D8CE} = {3F5FB678-3F71-4534-9D1F-47AFD67F9A33}
		{613EB50B-E815-4C49-80C9-14CE664E2B03} = {10399C2F-1B2E-4141-97C9-9212B90B78E6}
		{EA4386DF-9B91-4426-8919-E44390053893} = {823BCCA9-31FA-4A35-AD37-26A573A1D8CE}
		{A323F352-4CB8-48C7-A8F3-0BDF12DBEF98} = {EA4386DF-9B91-4426-8919-E44390053893}
		{81C28943-7E23-433F-A509-05592F9ABE63} = {EA4386DF-9B91-4426-8919-E44390053893}
		{92E82FB4-D6F3-4C21-983B-755776E772AE} = {EA4386DF-9B91-4426-8919-E44390053893}
		{BDEF09C5-40F0-4CEA-B591-F6A8B110C860} = {EA4386DF-9B91-4426-8919-E44390053893}
		{D88633D5-551F-4558-AAC2-8F383B586313} = {EA4386DF-9B91-4426-8919-E44390053893}
		{8F2FD59C-269F-4B45-88AB-0736B3EEF035} = {EA4386DF-9B91-4426-8919-E44390053893}
		{FF4AF1CE-8A2D-469C-BD1B-939CA151D9E9} = {EA4386DF-9B91-4426-8919-E44390053893}
		{52C085CE-4A7A-4A0B-A97E-E8893F714CC1} = {3F5FB678-3F71-4534-9D1F-47AFD67F9A33}
		{66FE5DE1-D252-4087-A9E6-8E9E4CD1E2EE} = {52C085CE-4A7A-4A0B-A97E-E8893F714CC1}
		{5C5356F1-341F-4252-A9CA-D043491832C7} = {66FE5DE1-D252-4087-A9E6-8E9E4CD1E2EE}
		{32E85890-BC06-4F7C-8BA6-7F6C0AC08431} = {66FE5DE1-D252-4087-A9E6-8E9E4CD1E2EE}
		{C1D94851-768F-4A42-9DE5-5641A3ABC285} = {66FE5DE1-D252-4087-A9E6-8E9E4CD1E2EE}
		{E0619EEB-25B0-475C-B1FD-3008A1918148} = {66FE5DE1-D252-4087-A9E6-8E9E4CD1E2EE}
		{92885F7D-4587-426A-9782-2EA9F18134C3} = {66FE5DE1-D252-4087-A9E6-8E9E4CD1E2EE}
		{8B3D2A04-D0E9-4193-B53B-E0B128A5C8D2} = {66FE5DE1-D252-4087-A9E6-8E9E4CD1E2EE}
		{E6BA9DB7-1AAA-498D-AACA-874D773DC1ED} = {66FE5DE1-D252-4087-A9E6-8E9E4CD1E2EE}
		{8334E3A9-2BE5-415B-B7E1-04ED370C2FA4} = {66FE5DE1-D252-4087-A9E6-8E9E4CD1E2EE}
		{A863E9F4-F37F-48BC-A50C-26B81BD44287} = {10399C2F-1B2E-4141-97C9-9212B90B78E6}
		{38859174-76A7-4D62-9268-BA7C6080096E} = {10399C2F-1B2E-4141-97C9-9212B90B78E6}
		{96D9225F-F5F8-4BF2-9055-8AFDC283E089} = {DE904CEE-B982-4E3A-ABFD-77C9737BDCE4}
		{9EC08FBF-49B5-44C2-8064-98B18B43BCC2} = {96D9225F-F5F8-4BF2-9055-8AFDC283E089}
		{F42E2214-60B3-4922-8DF8-83F9A2F05842} = {96D9225F-F5F8-4BF2-9055-8AFDC283E089}
		{7BFFD001-85CE-4720-8CFF-E731E0F54441} = {96D9225F-F5F8-4BF2-9055-8AFDC283E089}
		{E114AE6D-F30D-4563-9574-EE3FD7C34714} = {96D9225F-F5F8-4BF2-9055-8AFDC283E089}
		{3AB753B4-DE7B-4E2A-A835-9B43AC1A496A} = {96D9225F-F5F8-4BF2-9055-8AFDC283E089}
		{B0BB21F8-996C-4D09-BE94-987653830E24} = {96D9225F-F5F8-4BF2-9055-8AFDC283E089}
		{FC15E3DC-E596-480A-9683-5FF63F51BFBA} = {96D9225F-F5F8-4BF2-9055-8AFDC283E089}
		{50459983-D7CE-4C76-8C9C-16A1C6A73DC1} = {96D9225F-F5F8-4BF2-9055-8AFDC283E089}
		{5B43B67C-D3DE-4E14-B785-576B1D612EAF} = {3F5FB678-3F71-4534-9D1F-47AFD67F9A33}
		{CED93A79-2ABD-476D-9785-4F32C35C7D1A} = {3F5FB678-3F71-4534-9D1F-47AFD67F9A33}
		{90B1A5D0-B6CC-472D-A44C-C301793985CA} = {CED93A79-2ABD-476D-9785-4F32C35C7D1A}
		{3277D416-8383-4F16-8435-B718B6F05ABC} = {3F5FB678-3F71-4534-9D1F-47AFD67F9A33}
		{4190C907-2435-4A88-98AF-2C16458D8B26} = {3277D416-8383-4F16-8435-B718B6F05ABC}
		{BB57EE13-84DD-4A60-8A51-BD8236023314} = {4190C907-2435-4A88-98AF-2C16458D8B26}
		{FCE33300-1584-4E32-87CF-DF30251FC8F5} = {4190C907-2435-4A88-98AF-2C16458D8B26}
		{902E1723-9700-4C8E-A78B-C0729E624C34} = {4190C907-2435-4A88-98AF-2C16458D8B26}
		{943F6DD1-BD0E-489A-8D28-8FDD74F58FAA} = {4190C907-2435-4A88-98AF-2C16458D8B26}
		{CDB59688-672D-4649-8D9D-1E66E07DAF5B} = {4190C907-2435-4A88-98AF-2C16458D8B26}
		{A783AE5D-2EA8-4D77-9B16-4C359D30B3FA} = {4190C907-2435-4A88-98AF-2C16458D8B26}
		{2DC80977-7088-447B-A323-5552ED230A5D} = {4190C907-2435-4A88-98AF-2C16458D8B26}
		{F18640F6-0DFF-48DB-B90C-16F64A738439} = {4190C907-2435-4A88-98AF-2C16458D8B26}
		{61EF243B-5F9D-4CF6-8D46-9ACE03D79556} = {10399C2F-1B2E-4141-97C9-9212B90B78E6}
		{3F20B686-62DC-43F1-B600-A53E96A5E0AF} = {4F58C216-B903-489A-997E-281015BFD573}
		{CAA254C7-5D21-4AAF-BE16-737ACF13845B} = {3F20B686-62DC-43F1-B600-A53E96A5E0AF}
		{4FA2507E-6AE8-45EF-B2AB-F989BFD187C1} = {5B43B67C-D3DE-4E14-B785-576B1D612EAF}
		{F456DD33-A6AE-44A7-9EF4-A3DA04DC9EA9} = {10399C2F-1B2E-4141-97C9-9212B90B78E6}
	EndGlobalSection
	GlobalSection(ExtensibilityGlobals) = postSolution
		SolutionGuid = {28315BFD-90E7-4E14-A2EA-F3D23AF4126F}
	EndGlobalSection
EndGlobal
