
Microsoft Visual Studio Solution File, Format Version 12.00
# Visual Studio Version 16
VisualStudioVersion = 16.0.29020.237
MinimumVisualStudioVersion = 10.0.40219.1
Project("{2150E333-8FDC-42A3-9474-1A3956D46DE8}") = "applications", "applications", "{46707728-9637-413A-A92C-F5B6643B5958}"
EndProject
Project("{2150E333-8FDC-42A3-9474-1A3956D46DE8}") = "gateways", "gateways", "{D9402112-C592-4E6A-812C-0937D65C9D70}"
EndProject
Project("{2150E333-8FDC-42A3-9474-1A3956D46DE8}") = "microservices", "microservices", "{10399C2F-1B2E-4141-97C9-9212B90B78E6}"
EndProject
Project("{2150E333-8FDC-42A3-9474-1A3956D46DE8}") = "modules", "modules", "{3F5FB678-3F71-4534-9D1F-47AFD67F9A33}"
EndProject
Project("{2150E333-8FDC-42A3-9474-1A3956D46DE8}") = "buildingblocks", "buildingblocks", "{F691ACC8-3A5C-4CB9-8D36-15A2A78F08FD}"
EndProject
Project("{9A19103F-16F7-4668-BE54-9A1E7A4F7556}") = "ConsoleClientDemo", "applications\ConsoleClientDemo\ConsoleClientDemo.csproj", "{47148558-B456-4E38-9F57-374D600F015F}"
EndProject
Project("{9A19103F-16F7-4668-BE54-9A1E7A4F7556}") = "BnBYachts.IdentityServer", "applications\BnBYachts.IdentityServer\BnBYachts.IdentityServer.csproj", "{943238C6-7DCA-4944-9654-2CA325811BE4}"
EndProject
Project("{2150E333-8FDC-42A3-9474-1A3956D46DE8}") = "client", "client", "{0E41C6FA-0422-40F5-A1F2-A31D33E1C5B7}"
EndProject
Project("{2150E333-8FDC-42A3-9474-1A3956D46DE8}") = "src", "src", "{580AE0B6-AF4D-48D3-BF2F-B553CBF171C0}"
EndProject
Project("{9A19103F-16F7-4668-BE54-9A1E7A4F7556}") = "BnBYachts.HttpApi.Client", "modules\client\src\BnBYachts.HttpApi.Client\BnBYachts.HttpApi.Client.csproj", "{B5F59A72-66C4-4B65-8A50-D61C9C323F2A}"
EndProject
Project("{9A19103F-16F7-4668-BE54-9A1E7A4F7556}") = "BnBYachts.HttpApi", "modules\client\src\BnBYachts.HttpApi\BnBYachts.HttpApi.csproj", "{9B9D82B0-4420-4DEC-BED4-C6273EDCA367}"
EndProject
Project("{9A19103F-16F7-4668-BE54-9A1E7A4F7556}") = "BnBYachts.EntityFrameworkCore", "modules\client\src\BnBYachts.EntityFrameworkCore\BnBYachts.EntityFrameworkCore.csproj", "{B8C11A30-4299-4B88-8E50-1B95547C1544}"
EndProject
Project("{9A19103F-16F7-4668-BE54-9A1E7A4F7556}") = "BnBYachts.Domain.Shared", "modules\client\src\BnBYachts.Domain.Shared\BnBYachts.Domain.Shared.csproj", "{4485A14E-C0CD-4212-B967-9805382586F5}"
EndProject
Project("{9A19103F-16F7-4668-BE54-9A1E7A4F7556}") = "BnBYachts.Domain", "modules\client\src\BnBYachts.Domain\BnBYachts.Domain.csproj", "{014B2EA5-4B02-4BFB-9367-229E7E96B606}"
EndProject
Project("{9A19103F-16F7-4668-BE54-9A1E7A4F7556}") = "BnBYachts.DbMigrator", "modules\client\src\BnBYachts.DbMigrator\BnBYachts.DbMigrator.csproj", "{A6BDBE0E-9DF5-48FB-9340-55474B97C290}"
EndProject
Project("{9A19103F-16F7-4668-BE54-9A1E7A4F7556}") = "BnBYachts.Application.Contracts", "modules\client\src\BnBYachts.Application.Contracts\BnBYachts.Application.Contracts.csproj", "{7D874CAF-D5C6-43C7-A1E9-ECF94C25165D}"
EndProject
Project("{9A19103F-16F7-4668-BE54-9A1E7A4F7556}") = "BnBYachts.Application", "modules\client\src\BnBYachts.Application\BnBYachts.Application.csproj", "{B3F26647-9988-4407-994E-D1C679D74C30}"
EndProject
Project("{2150E333-8FDC-42A3-9474-1A3956D46DE8}") = "test", "test", "{C82A0301-6F96-40F9-8C4E-95E0DDBB8E37}"
EndProject
Project("{9A19103F-16F7-4668-BE54-9A1E7A4F7556}") = "BnBYachts.Application.Tests", "modules\client\test\BnBYachts.Application.Tests\BnBYachts.Application.Tests.csproj", "{6EF472F5-731F-49D2-8DDC-1B3E279A90D3}"
EndProject
Project("{9A19103F-16F7-4668-BE54-9A1E7A4F7556}") = "BnBYachts.Domain.Tests", "modules\client\test\BnBYachts.Domain.Tests\BnBYachts.Domain.Tests.csproj", "{747A868E-94D2-4812-9777-FA838D3F7734}"
EndProject
Project("{9A19103F-16F7-4668-BE54-9A1E7A4F7556}") = "BnBYachts.EntityFrameworkCore.Tests", "modules\client\test\BnBYachts.EntityFrameworkCore.Tests\BnBYachts.EntityFrameworkCore.Tests.csproj", "{100F244C-E135-4C32-ACE3-3C993D5513FF}"
EndProject
Project("{9A19103F-16F7-4668-BE54-9A1E7A4F7556}") = "BnBYachts.HttpApi.Client.ConsoleTestApp", "modules\client\test\BnBYachts.HttpApi.Client.ConsoleTestApp\BnBYachts.HttpApi.Client.ConsoleTestApp.csproj", "{A3961067-DE40-4679-B7AE-C1E5B6DFDE8B}"
EndProject
Project("{9A19103F-16F7-4668-BE54-9A1E7A4F7556}") = "BnBYachts.TestBase", "modules\client\test\BnBYachts.TestBase\BnBYachts.TestBase.csproj", "{F67DF22D-E4D8-4C4B-B59B-DAED22AFC668}"
EndProject
Project("{2150E333-8FDC-42A3-9474-1A3956D46DE8}") = "admin", "admin", "{CC25AE68-91A5-41B4-B3E1-A0845A171C10}"
EndProject
Project("{2150E333-8FDC-42A3-9474-1A3956D46DE8}") = "src", "src", "{2AE7A54D-4A5D-47EA-8D63-AB0A5699B4C5}"
EndProject
Project("{9A19103F-16F7-4668-BE54-9A1E7A4F7556}") = "BnBYachts.Admin.Domain.Shared", "modules\admin\src\BnBYachts.Admin.Domain.Shared\BnBYachts.Admin.Domain.Shared.csproj", "{0A77AAF8-E70C-45D0-AB9F-7374F0F86886}"
EndProject
Project("{9A19103F-16F7-4668-BE54-9A1E7A4F7556}") = "BnBYachts.Admin.Domain", "modules\admin\src\BnBYachts.Admin.Domain\BnBYachts.Admin.Domain.csproj", "{07F1989C-4EF9-4A23-A526-5D13CE89E57A}"
EndProject
Project("{9A19103F-16F7-4668-BE54-9A1E7A4F7556}") = "BnBYachts.Admin.EntityFrameworkCore", "modules\admin\src\BnBYachts.Admin.EntityFrameworkCore\BnBYachts.Admin.EntityFrameworkCore.csproj", "{E8F33FCE-2670-41DF-88AB-C9A928195B14}"
EndProject
Project("{9A19103F-16F7-4668-BE54-9A1E7A4F7556}") = "BnBYachts.Admin.DbMigrator", "modules\admin\src\BnBYachts.Admin.DbMigrator\BnBYachts.Admin.DbMigrator.csproj", "{3DD236EC-9EE9-439A-B32B-DA6BB6CF6186}"
EndProject
Project("{9A19103F-16F7-4668-BE54-9A1E7A4F7556}") = "BnBYachts.Admin.Application.Contracts", "modules\admin\src\BnBYachts.Admin.Application.Contracts\BnBYachts.Admin.Application.Contracts.csproj", "{40A466E8-A118-4334-BE66-C160B769AF66}"
EndProject
Project("{9A19103F-16F7-4668-BE54-9A1E7A4F7556}") = "BnBYachts.Admin.Application", "modules\admin\src\BnBYachts.Admin.Application\BnBYachts.Admin.Application.csproj", "{DAC9825E-E4B4-4512-8104-0DF9648C06D6}"
EndProject
Project("{9A19103F-16F7-4668-BE54-9A1E7A4F7556}") = "BnBYachts.Admin.HttpApi", "modules\admin\src\BnBYachts.Admin.HttpApi\BnBYachts.Admin.HttpApi.csproj", "{1B9124DA-4138-4979-9887-9BEDACC973AC}"
EndProject
Project("{9A19103F-16F7-4668-BE54-9A1E7A4F7556}") = "BnBYachts.Admin.HttpApi.Client", "modules\admin\src\BnBYachts.Admin.HttpApi.Client\BnBYachts.Admin.HttpApi.Client.csproj", "{7F10EB52-7817-4246-8AE8-22DAAF60CECC}"
EndProject
Project("{9A19103F-16F7-4668-BE54-9A1E7A4F7556}") = "BnBYachts.Admin.HttpApi.Host", "microservices\BnBYachts.Admin.HttpApi.Host\BnBYachts.Admin.HttpApi.Host.csproj", "{143E8D02-5634-4BA9-8D84-A5F6B9F88BA1}"
EndProject
Project("{9A19103F-16F7-4668-BE54-9A1E7A4F7556}") = "BnBYachts.ApiGateway.Host", "gateways\BnBYachts.ApiGateway.Host\BnBYachts.ApiGateway.Host.csproj", "{1F1157B4-F5BE-4E01-8FB3-36ED3E3DECDF}"
EndProject
Project("{2150E333-8FDC-42A3-9474-1A3956D46DE8}") = "Seeder", "Seeder", "{4F58C216-B903-489A-997E-281015BFD573}"
EndProject
Project("{2150E333-8FDC-42A3-9474-1A3956D46DE8}") = "SharedModule", "SharedModule", "{4E372094-90F2-4EF9-BBB7-FCD545B9D9DF}"
EndProject
Project("{2150E333-8FDC-42A3-9474-1A3956D46DE8}") = "BackgroundWorker", "BackgroundWorker", "{871EBDF3-D812-44B1-B464-FA1123927231}"
EndProject
Project("{2150E333-8FDC-42A3-9474-1A3956D46DE8}") = "Simulator", "Simulator", "{8E22F3A9-B489-4EDE-A9A9-75FB98326FCB}"
EndProject
Project("{9A19103F-16F7-4668-BE54-9A1E7A4F7556}") = "BnByachts.Simulator", "buildingblocks\Simulator\BnByachts.Simulator\BnByachts.Simulator.csproj", "{F2E1A40B-E0C6-4FDB-B27D-2555C4AD9E3C}"
EndProject
Project("{9A19103F-16F7-4668-BE54-9A1E7A4F7556}") = "BnByachts.SharedModule", "buildingblocks\SharedModule\BnByachts.SharedModule\BnByachts.SharedModule.csproj", "{5C32793E-7FE7-4C88-AB7E-0A0EDD491038}"
EndProject
Project("{9A19103F-16F7-4668-BE54-9A1E7A4F7556}") = "BnByachts.Seeder", "buildingblocks\Seeder\BnByachts.Seeder\BnByachts.Seeder.csproj", "{4AE89B9C-E4C5-4BA0-BC22-AEB2D721F31D}"
EndProject
Project("{2150E333-8FDC-42A3-9474-1A3956D46DE8}") = "core", "core", "{DE904CEE-B982-4E3A-ABFD-77C9737BDCE4}"
EndProject
Project("{9A19103F-16F7-4668-BE54-9A1E7A4F7556}") = "BnBYachts.Client.HttpApi.Host", "microservices\BnBYachts.Client.HttpApi.Host\BnBYachts.Client.HttpApi.Host.csproj", "{D987E0BE-79A4-426B-8DC8-7CFBD321E996}"
EndProject
Project("{9A19103F-16F7-4668-BE54-9A1E7A4F7556}") = "BnByachts.BackgroundWorker", "buildingblocks\BackgroundWorker\BnByachts.BackgroundWorker\BnByachts.BackgroundWorker.csproj", "{7F5ED8A1-555E-4B92-8F1A-D53BF7862E1B}"
EndProject
Global
	GlobalSection(SolutionConfigurationPlatforms) = preSolution
		Debug|Any CPU = Debug|Any CPU
		Release|Any CPU = Release|Any CPU
	EndGlobalSection
	GlobalSection(ProjectConfigurationPlatforms) = postSolution
		{47148558-B456-4E38-9F57-374D600F015F}.Debug|Any CPU.ActiveCfg = Debug|Any CPU
		{47148558-B456-4E38-9F57-374D600F015F}.Debug|Any CPU.Build.0 = Debug|Any CPU
		{47148558-B456-4E38-9F57-374D600F015F}.Release|Any CPU.ActiveCfg = Release|Any CPU
		{47148558-B456-4E38-9F57-374D600F015F}.Release|Any CPU.Build.0 = Release|Any CPU
		{943238C6-7DCA-4944-9654-2CA325811BE4}.Debug|Any CPU.ActiveCfg = Debug|Any CPU
		{943238C6-7DCA-4944-9654-2CA325811BE4}.Debug|Any CPU.Build.0 = Debug|Any CPU
		{943238C6-7DCA-4944-9654-2CA325811BE4}.Release|Any CPU.ActiveCfg = Release|Any CPU
		{943238C6-7DCA-4944-9654-2CA325811BE4}.Release|Any CPU.Build.0 = Release|Any CPU
		{B5F59A72-66C4-4B65-8A50-D61C9C323F2A}.Debug|Any CPU.ActiveCfg = Debug|Any CPU
		{B5F59A72-66C4-4B65-8A50-D61C9C323F2A}.Debug|Any CPU.Build.0 = Debug|Any CPU
		{B5F59A72-66C4-4B65-8A50-D61C9C323F2A}.Release|Any CPU.ActiveCfg = Release|Any CPU
		{B5F59A72-66C4-4B65-8A50-D61C9C323F2A}.Release|Any CPU.Build.0 = Release|Any CPU
		{9B9D82B0-4420-4DEC-BED4-C6273EDCA367}.Debug|Any CPU.ActiveCfg = Debug|Any CPU
		{9B9D82B0-4420-4DEC-BED4-C6273EDCA367}.Debug|Any CPU.Build.0 = Debug|Any CPU
		{9B9D82B0-4420-4DEC-BED4-C6273EDCA367}.Release|Any CPU.ActiveCfg = Release|Any CPU
		{9B9D82B0-4420-4DEC-BED4-C6273EDCA367}.Release|Any CPU.Build.0 = Release|Any CPU
		{B8C11A30-4299-4B88-8E50-1B95547C1544}.Debug|Any CPU.ActiveCfg = Debug|Any CPU
		{B8C11A30-4299-4B88-8E50-1B95547C1544}.Debug|Any CPU.Build.0 = Debug|Any CPU
		{B8C11A30-4299-4B88-8E50-1B95547C1544}.Release|Any CPU.ActiveCfg = Release|Any CPU
		{B8C11A30-4299-4B88-8E50-1B95547C1544}.Release|Any CPU.Build.0 = Release|Any CPU
		{4485A14E-C0CD-4212-B967-9805382586F5}.Debug|Any CPU.ActiveCfg = Debug|Any CPU
		{4485A14E-C0CD-4212-B967-9805382586F5}.Debug|Any CPU.Build.0 = Debug|Any CPU
		{4485A14E-C0CD-4212-B967-9805382586F5}.Release|Any CPU.ActiveCfg = Release|Any CPU
		{4485A14E-C0CD-4212-B967-9805382586F5}.Release|Any CPU.Build.0 = Release|Any CPU
		{014B2EA5-4B02-4BFB-9367-229E7E96B606}.Debug|Any CPU.ActiveCfg = Debug|Any CPU
		{014B2EA5-4B02-4BFB-9367-229E7E96B606}.Debug|Any CPU.Build.0 = Debug|Any CPU
		{014B2EA5-4B02-4BFB-9367-229E7E96B606}.Release|Any CPU.ActiveCfg = Release|Any CPU
		{014B2EA5-4B02-4BFB-9367-229E7E96B606}.Release|Any CPU.Build.0 = Release|Any CPU
		{A6BDBE0E-9DF5-48FB-9340-55474B97C290}.Debug|Any CPU.ActiveCfg = Debug|Any CPU
		{A6BDBE0E-9DF5-48FB-9340-55474B97C290}.Debug|Any CPU.Build.0 = Debug|Any CPU
		{A6BDBE0E-9DF5-48FB-9340-55474B97C290}.Release|Any CPU.ActiveCfg = Release|Any CPU
		{A6BDBE0E-9DF5-48FB-9340-55474B97C290}.Release|Any CPU.Build.0 = Release|Any CPU
		{7D874CAF-D5C6-43C7-A1E9-ECF94C25165D}.Debug|Any CPU.ActiveCfg = Debug|Any CPU
		{7D874CAF-D5C6-43C7-A1E9-ECF94C25165D}.Debug|Any CPU.Build.0 = Debug|Any CPU
		{7D874CAF-D5C6-43C7-A1E9-ECF94C25165D}.Release|Any CPU.ActiveCfg = Release|Any CPU
		{7D874CAF-D5C6-43C7-A1E9-ECF94C25165D}.Release|Any CPU.Build.0 = Release|Any CPU
		{B3F26647-9988-4407-994E-D1C679D74C30}.Debug|Any CPU.ActiveCfg = Debug|Any CPU
		{B3F26647-9988-4407-994E-D1C679D74C30}.Debug|Any CPU.Build.0 = Debug|Any CPU
		{B3F26647-9988-4407-994E-D1C679D74C30}.Release|Any CPU.ActiveCfg = Release|Any CPU
		{B3F26647-9988-4407-994E-D1C679D74C30}.Release|Any CPU.Build.0 = Release|Any CPU
		{6EF472F5-731F-49D2-8DDC-1B3E279A90D3}.Debug|Any CPU.ActiveCfg = Debug|Any CPU
		{6EF472F5-731F-49D2-8DDC-1B3E279A90D3}.Debug|Any CPU.Build.0 = Debug|Any CPU
		{6EF472F5-731F-49D2-8DDC-1B3E279A90D3}.Release|Any CPU.ActiveCfg = Release|Any CPU
		{6EF472F5-731F-49D2-8DDC-1B3E279A90D3}.Release|Any CPU.Build.0 = Release|Any CPU
		{747A868E-94D2-4812-9777-FA838D3F7734}.Debug|Any CPU.ActiveCfg = Debug|Any CPU
		{747A868E-94D2-4812-9777-FA838D3F7734}.Debug|Any CPU.Build.0 = Debug|Any CPU
		{747A868E-94D2-4812-9777-FA838D3F7734}.Release|Any CPU.ActiveCfg = Release|Any CPU
		{747A868E-94D2-4812-9777-FA838D3F7734}.Release|Any CPU.Build.0 = Release|Any CPU
		{100F244C-E135-4C32-ACE3-3C993D5513FF}.Debug|Any CPU.ActiveCfg = Debug|Any CPU
		{100F244C-E135-4C32-ACE3-3C993D5513FF}.Debug|Any CPU.Build.0 = Debug|Any CPU
		{100F244C-E135-4C32-ACE3-3C993D5513FF}.Release|Any CPU.ActiveCfg = Release|Any CPU
		{100F244C-E135-4C32-ACE3-3C993D5513FF}.Release|Any CPU.Build.0 = Release|Any CPU
		{A3961067-DE40-4679-B7AE-C1E5B6DFDE8B}.Debug|Any CPU.ActiveCfg = Debug|Any CPU
		{A3961067-DE40-4679-B7AE-C1E5B6DFDE8B}.Debug|Any CPU.Build.0 = Debug|Any CPU
		{A3961067-DE40-4679-B7AE-C1E5B6DFDE8B}.Release|Any CPU.ActiveCfg = Release|Any CPU
		{A3961067-DE40-4679-B7AE-C1E5B6DFDE8B}.Release|Any CPU.Build.0 = Release|Any CPU
		{F67DF22D-E4D8-4C4B-B59B-DAED22AFC668}.Debug|Any CPU.ActiveCfg = Debug|Any CPU
		{F67DF22D-E4D8-4C4B-B59B-DAED22AFC668}.Debug|Any CPU.Build.0 = Debug|Any CPU
		{F67DF22D-E4D8-4C4B-B59B-DAED22AFC668}.Release|Any CPU.ActiveCfg = Release|Any CPU
		{F67DF22D-E4D8-4C4B-B59B-DAED22AFC668}.Release|Any CPU.Build.0 = Release|Any CPU
		{0A77AAF8-E70C-45D0-AB9F-7374F0F86886}.Debug|Any CPU.ActiveCfg = Debug|Any CPU
		{0A77AAF8-E70C-45D0-AB9F-7374F0F86886}.Debug|Any CPU.Build.0 = Debug|Any CPU
		{0A77AAF8-E70C-45D0-AB9F-7374F0F86886}.Release|Any CPU.ActiveCfg = Release|Any CPU
		{0A77AAF8-E70C-45D0-AB9F-7374F0F86886}.Release|Any CPU.Build.0 = Release|Any CPU
		{07F1989C-4EF9-4A23-A526-5D13CE89E57A}.Debug|Any CPU.ActiveCfg = Debug|Any CPU
		{07F1989C-4EF9-4A23-A526-5D13CE89E57A}.Debug|Any CPU.Build.0 = Debug|Any CPU
		{07F1989C-4EF9-4A23-A526-5D13CE89E57A}.Release|Any CPU.ActiveCfg = Release|Any CPU
		{07F1989C-4EF9-4A23-A526-5D13CE89E57A}.Release|Any CPU.Build.0 = Release|Any CPU
		{E8F33FCE-2670-41DF-88AB-C9A928195B14}.Debug|Any CPU.ActiveCfg = Debug|Any CPU
		{E8F33FCE-2670-41DF-88AB-C9A928195B14}.Debug|Any CPU.Build.0 = Debug|Any CPU
		{E8F33FCE-2670-41DF-88AB-C9A928195B14}.Release|Any CPU.ActiveCfg = Release|Any CPU
		{E8F33FCE-2670-41DF-88AB-C9A928195B14}.Release|Any CPU.Build.0 = Release|Any CPU
		{3DD236EC-9EE9-439A-B32B-DA6BB6CF6186}.Debug|Any CPU.ActiveCfg = Debug|Any CPU
		{3DD236EC-9EE9-439A-B32B-DA6BB6CF6186}.Debug|Any CPU.Build.0 = Debug|Any CPU
		{3DD236EC-9EE9-439A-B32B-DA6BB6CF6186}.Release|Any CPU.ActiveCfg = Release|Any CPU
		{3DD236EC-9EE9-439A-B32B-DA6BB6CF6186}.Release|Any CPU.Build.0 = Release|Any CPU
		{40A466E8-A118-4334-BE66-C160B769AF66}.Debug|Any CPU.ActiveCfg = Debug|Any CPU
		{40A466E8-A118-4334-BE66-C160B769AF66}.Debug|Any CPU.Build.0 = Debug|Any CPU
		{40A466E8-A118-4334-BE66-C160B769AF66}.Release|Any CPU.ActiveCfg = Release|Any CPU
		{40A466E8-A118-4334-BE66-C160B769AF66}.Release|Any CPU.Build.0 = Release|Any CPU
		{DAC9825E-E4B4-4512-8104-0DF9648C06D6}.Debug|Any CPU.ActiveCfg = Debug|Any CPU
		{DAC9825E-E4B4-4512-8104-0DF9648C06D6}.Debug|Any CPU.Build.0 = Debug|Any CPU
		{DAC9825E-E4B4-4512-8104-0DF9648C06D6}.Release|Any CPU.ActiveCfg = Release|Any CPU
		{DAC9825E-E4B4-4512-8104-0DF9648C06D6}.Release|Any CPU.Build.0 = Release|Any CPU
		{1B9124DA-4138-4979-9887-9BEDACC973AC}.Debug|Any CPU.ActiveCfg = Debug|Any CPU
		{1B9124DA-4138-4979-9887-9BEDACC973AC}.Debug|Any CPU.Build.0 = Debug|Any CPU
		{1B9124DA-4138-4979-9887-9BEDACC973AC}.Release|Any CPU.ActiveCfg = Release|Any CPU
		{1B9124DA-4138-4979-9887-9BEDACC973AC}.Release|Any CPU.Build.0 = Release|Any CPU
		{7F10EB52-7817-4246-8AE8-22DAAF60CECC}.Debug|Any CPU.ActiveCfg = Debug|Any CPU
		{7F10EB52-7817-4246-8AE8-22DAAF60CECC}.Debug|Any CPU.Build.0 = Debug|Any CPU
		{7F10EB52-7817-4246-8AE8-22DAAF60CECC}.Release|Any CPU.ActiveCfg = Release|Any CPU
		{7F10EB52-7817-4246-8AE8-22DAAF60CECC}.Release|Any CPU.Build.0 = Release|Any CPU
		{143E8D02-5634-4BA9-8D84-A5F6B9F88BA1}.Debug|Any CPU.ActiveCfg = Debug|Any CPU
		{143E8D02-5634-4BA9-8D84-A5F6B9F88BA1}.Debug|Any CPU.Build.0 = Debug|Any CPU
		{143E8D02-5634-4BA9-8D84-A5F6B9F88BA1}.Release|Any CPU.ActiveCfg = Release|Any CPU
		{143E8D02-5634-4BA9-8D84-A5F6B9F88BA1}.Release|Any CPU.Build.0 = Release|Any CPU
		{1F1157B4-F5BE-4E01-8FB3-36ED3E3DECDF}.Debug|Any CPU.ActiveCfg = Debug|Any CPU
		{1F1157B4-F5BE-4E01-8FB3-36ED3E3DECDF}.Debug|Any CPU.Build.0 = Debug|Any CPU
		{1F1157B4-F5BE-4E01-8FB3-36ED3E3DECDF}.Release|Any CPU.ActiveCfg = Release|Any CPU
		{1F1157B4-F5BE-4E01-8FB3-36ED3E3DECDF}.Release|Any CPU.Build.0 = Release|Any CPU
		{F2E1A40B-E0C6-4FDB-B27D-2555C4AD9E3C}.Debug|Any CPU.ActiveCfg = Debug|Any CPU
		{F2E1A40B-E0C6-4FDB-B27D-2555C4AD9E3C}.Debug|Any CPU.Build.0 = Debug|Any CPU
		{F2E1A40B-E0C6-4FDB-B27D-2555C4AD9E3C}.Release|Any CPU.ActiveCfg = Release|Any CPU
		{F2E1A40B-E0C6-4FDB-B27D-2555C4AD9E3C}.Release|Any CPU.Build.0 = Release|Any CPU
		{5C32793E-7FE7-4C88-AB7E-0A0EDD491038}.Debug|Any CPU.ActiveCfg = Debug|Any CPU
		{5C32793E-7FE7-4C88-AB7E-0A0EDD491038}.Debug|Any CPU.Build.0 = Debug|Any CPU
		{5C32793E-7FE7-4C88-AB7E-0A0EDD491038}.Release|Any CPU.ActiveCfg = Release|Any CPU
		{5C32793E-7FE7-4C88-AB7E-0A0EDD491038}.Release|Any CPU.Build.0 = Release|Any CPU
		{4AE89B9C-E4C5-4BA0-BC22-AEB2D721F31D}.Debug|Any CPU.ActiveCfg = Debug|Any CPU
		{4AE89B9C-E4C5-4BA0-BC22-AEB2D721F31D}.Debug|Any CPU.Build.0 = Debug|Any CPU
		{4AE89B9C-E4C5-4BA0-BC22-AEB2D721F31D}.Release|Any CPU.ActiveCfg = Release|Any CPU
		{4AE89B9C-E4C5-4BA0-BC22-AEB2D721F31D}.Release|Any CPU.Build.0 = Release|Any CPU
		{D987E0BE-79A4-426B-8DC8-7CFBD321E996}.Debug|Any CPU.ActiveCfg = Debug|Any CPU
		{D987E0BE-79A4-426B-8DC8-7CFBD321E996}.Debug|Any CPU.Build.0 = Debug|Any CPU
		{D987E0BE-79A4-426B-8DC8-7CFBD321E996}.Release|Any CPU.ActiveCfg = Release|Any CPU
		{D987E0BE-79A4-426B-8DC8-7CFBD321E996}.Release|Any CPU.Build.0 = Release|Any CPU
		{7F5ED8A1-555E-4B92-8F1A-D53BF7862E1B}.Debug|Any CPU.ActiveCfg = Debug|Any CPU
		{7F5ED8A1-555E-4B92-8F1A-D53BF7862E1B}.Debug|Any CPU.Build.0 = Debug|Any CPU
		{7F5ED8A1-555E-4B92-8F1A-D53BF7862E1B}.Release|Any CPU.ActiveCfg = Release|Any CPU
		{7F5ED8A1-555E-4B92-8F1A-D53BF7862E1B}.Release|Any CPU.Build.0 = Release|Any CPU
	EndGlobalSection
	GlobalSection(SolutionProperties) = preSolution
		HideSolutionNode = FALSE
	EndGlobalSection
	GlobalSection(NestedProjects) = preSolution
		{47148558-B456-4E38-9F57-374D600F015F} = {46707728-9637-413A-A92C-F5B6643B5958}
		{943238C6-7DCA-4944-9654-2CA325811BE4} = {46707728-9637-413A-A92C-F5B6643B5958}
		{0E41C6FA-0422-40F5-A1F2-A31D33E1C5B7} = {3F5FB678-3F71-4534-9D1F-47AFD67F9A33}
		{580AE0B6-AF4D-48D3-BF2F-B553CBF171C0} = {0E41C6FA-0422-40F5-A1F2-A31D33E1C5B7}
		{B5F59A72-66C4-4B65-8A50-D61C9C323F2A} = {580AE0B6-AF4D-48D3-BF2F-B553CBF171C0}
		{9B9D82B0-4420-4DEC-BED4-C6273EDCA367} = {580AE0B6-AF4D-48D3-BF2F-B553CBF171C0}
		{B8C11A30-4299-4B88-8E50-1B95547C1544} = {580AE0B6-AF4D-48D3-BF2F-B553CBF171C0}
		{4485A14E-C0CD-4212-B967-9805382586F5} = {580AE0B6-AF4D-48D3-BF2F-B553CBF171C0}
		{014B2EA5-4B02-4BFB-9367-229E7E96B606} = {580AE0B6-AF4D-48D3-BF2F-B553CBF171C0}
		{A6BDBE0E-9DF5-48FB-9340-55474B97C290} = {580AE0B6-AF4D-48D3-BF2F-B553CBF171C0}
		{7D874CAF-D5C6-43C7-A1E9-ECF94C25165D} = {580AE0B6-AF4D-48D3-BF2F-B553CBF171C0}
		{B3F26647-9988-4407-994E-D1C679D74C30} = {580AE0B6-AF4D-48D3-BF2F-B553CBF171C0}
		{C82A0301-6F96-40F9-8C4E-95E0DDBB8E37} = {0E41C6FA-0422-40F5-A1F2-A31D33E1C5B7}
		{6EF472F5-731F-49D2-8DDC-1B3E279A90D3} = {C82A0301-6F96-40F9-8C4E-95E0DDBB8E37}
		{747A868E-94D2-4812-9777-FA838D3F7734} = {C82A0301-6F96-40F9-8C4E-95E0DDBB8E37}
		{100F244C-E135-4C32-ACE3-3C993D5513FF} = {C82A0301-6F96-40F9-8C4E-95E0DDBB8E37}
		{A3961067-DE40-4679-B7AE-C1E5B6DFDE8B} = {C82A0301-6F96-40F9-8C4E-95E0DDBB8E37}
		{F67DF22D-E4D8-4C4B-B59B-DAED22AFC668} = {C82A0301-6F96-40F9-8C4E-95E0DDBB8E37}
		{CC25AE68-91A5-41B4-B3E1-A0845A171C10} = {3F5FB678-3F71-4534-9D1F-47AFD67F9A33}
		{2AE7A54D-4A5D-47EA-8D63-AB0A5699B4C5} = {CC25AE68-91A5-41B4-B3E1-A0845A171C10}
		{0A77AAF8-E70C-45D0-AB9F-7374F0F86886} = {2AE7A54D-4A5D-47EA-8D63-AB0A5699B4C5}
		{07F1989C-4EF9-4A23-A526-5D13CE89E57A} = {2AE7A54D-4A5D-47EA-8D63-AB0A5699B4C5}
		{E8F33FCE-2670-41DF-88AB-C9A928195B14} = {2AE7A54D-4A5D-47EA-8D63-AB0A5699B4C5}
		{3DD236EC-9EE9-439A-B32B-DA6BB6CF6186} = {2AE7A54D-4A5D-47EA-8D63-AB0A5699B4C5}
		{40A466E8-A118-4334-BE66-C160B769AF66} = {2AE7A54D-4A5D-47EA-8D63-AB0A5699B4C5}
		{DAC9825E-E4B4-4512-8104-0DF9648C06D6} = {2AE7A54D-4A5D-47EA-8D63-AB0A5699B4C5}
		{1B9124DA-4138-4979-9887-9BEDACC973AC} = {2AE7A54D-4A5D-47EA-8D63-AB0A5699B4C5}
		{7F10EB52-7817-4246-8AE8-22DAAF60CECC} = {2AE7A54D-4A5D-47EA-8D63-AB0A5699B4C5}
		{143E8D02-5634-4BA9-8D84-A5F6B9F88BA1} = {10399C2F-1B2E-4141-97C9-9212B90B78E6}
		{1F1157B4-F5BE-4E01-8FB3-36ED3E3DECDF} = {D9402112-C592-4E6A-812C-0937D65C9D70}
		{4F58C216-B903-489A-997E-281015BFD573} = {F691ACC8-3A5C-4CB9-8D36-15A2A78F08FD}
		{4E372094-90F2-4EF9-BBB7-FCD545B9D9DF} = {F691ACC8-3A5C-4CB9-8D36-15A2A78F08FD}
		{871EBDF3-D812-44B1-B464-FA1123927231} = {F691ACC8-3A5C-4CB9-8D36-15A2A78F08FD}
		{8E22F3A9-B489-4EDE-A9A9-75FB98326FCB} = {F691ACC8-3A5C-4CB9-8D36-15A2A78F08FD}
		{F2E1A40B-E0C6-4FDB-B27D-2555C4AD9E3C} = {8E22F3A9-B489-4EDE-A9A9-75FB98326FCB}
		{5C32793E-7FE7-4C88-AB7E-0A0EDD491038} = {4E372094-90F2-4EF9-BBB7-FCD545B9D9DF}
		{4AE89B9C-E4C5-4BA0-BC22-AEB2D721F31D} = {4F58C216-B903-489A-997E-281015BFD573}
		{DE904CEE-B982-4E3A-ABFD-77C9737BDCE4} = {3F5FB678-3F71-4534-9D1F-47AFD67F9A33}
		{D987E0BE-79A4-426B-8DC8-7CFBD321E996} = {10399C2F-1B2E-4141-97C9-9212B90B78E6}
		{7F5ED8A1-555E-4B92-8F1A-D53BF7862E1B} = {871EBDF3-D812-44B1-B464-FA1123927231}
	EndGlobalSection
	GlobalSection(ExtensibilityGlobals) = postSolution
		SolutionGuid = {28315BFD-90E7-4E14-A2EA-F3D23AF4126F}
	EndGlobalSection
EndGlobal
