
Microsoft Visual Studio Solution File, Format Version 12.00
# Visual Studio Version 16
VisualStudioVersion = 16.0.29020.237
MinimumVisualStudioVersion = 10.0.40219.1
Project("{2150E333-8FDC-42A3-9474-1A3956D46DE8}") = "applications", "applications", "{46707728-9637-413A-A92C-F5B6643B5958}"
EndProject
Project("{2150E333-8FDC-42A3-9474-1A3956D46DE8}") = "gateways", "gateways", "{D9402112-C592-4E6A-812C-0937D65C9D70}"
EndProject
Project("{2150E333-8FDC-42A3-9474-1A3956D46DE8}") = "microservices", "microservices", "{10399C2F-1B2E-4141-97C9-9212B90B78E6}"
EndProject
Project("{2150E333-8FDC-42A3-9474-1A3956D46DE8}") = "modules", "modules", "{3F5FB678-3F71-4534-9D1F-47AFD67F9A33}"
EndProject
Project("{2150E333-8FDC-42A3-9474-1A3956D46DE8}") = "buildingblocks", "buildingblocks", "{F691ACC8-3A5C-4CB9-8D36-15A2A78F08FD}"
EndProject
Project("{9A19103F-16F7-4668-BE54-9A1E7A4F7556}") = "ConsoleClientDemo", "applications\ConsoleClientDemo\ConsoleClientDemo.csproj", "{47148558-B456-4E38-9F57-374D600F015F}"
EndProject
Project("{9A19103F-16F7-4668-BE54-9A1E7A4F7556}") = "BnBYachts.IdentityServer", "applications\BnBYachts.IdentityServer\BnBYachts.IdentityServer.csproj", "{943238C6-7DCA-4944-9654-2CA325811BE4}"
EndProject
Project("{2150E333-8FDC-42A3-9474-1A3956D46DE8}") = "client", "client", "{0E41C6FA-0422-40F5-A1F2-A31D33E1C5B7}"
EndProject
Project("{2150E333-8FDC-42A3-9474-1A3956D46DE8}") = "src", "src", "{580AE0B6-AF4D-48D3-BF2F-B553CBF171C0}"
EndProject
Project("{9A19103F-16F7-4668-BE54-9A1E7A4F7556}") = "BnBYachts.HttpApi.Client", "modules\client\src\BnBYachts.HttpApi.Client\BnBYachts.HttpApi.Client.csproj", "{B5F59A72-66C4-4B65-8A50-D61C9C323F2A}"
EndProject
Project("{9A19103F-16F7-4668-BE54-9A1E7A4F7556}") = "BnBYachts.HttpApi", "modules\client\src\BnBYachts.HttpApi\BnBYachts.HttpApi.csproj", "{9B9D82B0-4420-4DEC-BED4-C6273EDCA367}"
EndProject
Project("{9A19103F-16F7-4668-BE54-9A1E7A4F7556}") = "BnBYachts.EntityFrameworkCore", "modules\client\src\BnBYachts.EntityFrameworkCore\BnBYachts.EntityFrameworkCore.csproj", "{B8C11A30-4299-4B88-8E50-1B95547C1544}"
EndProject
Project("{9A19103F-16F7-4668-BE54-9A1E7A4F7556}") = "BnBYachts.Domain.Shared", "modules\client\src\BnBYachts.Domain.Shared\BnBYachts.Domain.Shared.csproj", "{4485A14E-C0CD-4212-B967-9805382586F5}"
EndProject
Project("{9A19103F-16F7-4668-BE54-9A1E7A4F7556}") = "BnBYachts.Domain", "modules\client\src\BnBYachts.Domain\BnBYachts.Domain.csproj", "{014B2EA5-4B02-4BFB-9367-229E7E96B606}"
EndProject
Project("{9A19103F-16F7-4668-BE54-9A1E7A4F7556}") = "BnBYachts.DbMigrator", "modules\client\src\BnBYachts.DbMigrator\BnBYachts.DbMigrator.csproj", "{A6BDBE0E-9DF5-48FB-9340-55474B97C290}"
EndProject
Project("{9A19103F-16F7-4668-BE54-9A1E7A4F7556}") = "BnBYachts.Application.Contracts", "modules\client\src\BnBYachts.Application.Contracts\BnBYachts.Application.Contracts.csproj", "{7D874CAF-D5C6-43C7-A1E9-ECF94C25165D}"
EndProject
Project("{9A19103F-16F7-4668-BE54-9A1E7A4F7556}") = "BnBYachts.Application", "modules\client\src\BnBYachts.Application\BnBYachts.Application.csproj", "{B3F26647-9988-4407-994E-D1C679D74C30}"
EndProject
Project("{9A19103F-16F7-4668-BE54-9A1E7A4F7556}") = "BnBYachts.ApiGateway.Host", "gateways\BnBYachts.ApiGateway.Host\BnBYachts.ApiGateway.Host.csproj", "{1F1157B4-F5BE-4E01-8FB3-36ED3E3DECDF}"
EndProject
Project("{2150E333-8FDC-42A3-9474-1A3956D46DE8}") = "Seeder", "Seeder", "{4F58C216-B903-489A-997E-281015BFD573}"
EndProject
Project("{2150E333-8FDC-42A3-9474-1A3956D46DE8}") = "SharedModule", "SharedModule", "{4E372094-90F2-4EF9-BBB7-FCD545B9D9DF}"
EndProject
Project("{2150E333-8FDC-42A3-9474-1A3956D46DE8}") = "BackgroundWorker", "BackgroundWorker", "{871EBDF3-D812-44B1-B464-FA1123927231}"
EndProject
Project("{2150E333-8FDC-42A3-9474-1A3956D46DE8}") = "Simulator", "Simulator", "{8E22F3A9-B489-4EDE-A9A9-75FB98326FCB}"
EndProject
Project("{9A19103F-16F7-4668-BE54-9A1E7A4F7556}") = "BnByachts.Simulator", "buildingblocks\Simulator\BnByachts.Simulator\BnByachts.Simulator.csproj", "{F2E1A40B-E0C6-4FDB-B27D-2555C4AD9E3C}"
EndProject
Project("{9A19103F-16F7-4668-BE54-9A1E7A4F7556}") = "BnByachts.SharedModule", "buildingblocks\SharedModule\BnByachts.SharedModule\BnByachts.SharedModule.csproj", "{5C32793E-7FE7-4C88-AB7E-0A0EDD491038}"
EndProject
Project("{9A19103F-16F7-4668-BE54-9A1E7A4F7556}") = "BnByachts.Seeder", "buildingblocks\Seeder\BnByachts.Seeder\BnByachts.Seeder.csproj", "{4AE89B9C-E4C5-4BA0-BC22-AEB2D721F31D}"
EndProject
Project("{2150E333-8FDC-42A3-9474-1A3956D46DE8}") = "core", "core", "{DE904CEE-B982-4E3A-ABFD-77C9737BDCE4}"
EndProject
Project("{9A19103F-16F7-4668-BE54-9A1E7A4F7556}") = "BnBYachts.Client.HttpApi.Host", "microservices\BnBYachts.Client.HttpApi.Host\BnBYachts.Client.HttpApi.Host.csproj", "{D987E0BE-79A4-426B-8DC8-7CFBD321E996}"
EndProject
Project("{9A19103F-16F7-4668-BE54-9A1E7A4F7556}") = "BnByachts.BackgroundWorker", "buildingblocks\BackgroundWorker\BnByachts.BackgroundWorker\BnByachts.BackgroundWorker.csproj", "{7F5ED8A1-555E-4B92-8F1A-D53BF7862E1B}"
EndProject
Project("{2150E333-8FDC-42A3-9474-1A3956D46DE8}") = "boat", "boat", "{823BCCA9-31FA-4A35-AD37-26A573A1D8CE}"
EndProject
Project("{9A19103F-16F7-4668-BE54-9A1E7A4F7556}") = "BnBYachts.Boat.HttpApi.Host", "microservices\BnBYachts.Boat.HttpApi.Host\BnBYachts.Boat.HttpApi.Host.csproj", "{613EB50B-E815-4C49-80C9-14CE664E2B03}"
EndProject
Project("{2150E333-8FDC-42A3-9474-1A3956D46DE8}") = "src", "src", "{EA4386DF-9B91-4426-8919-E44390053893}"
EndProject
Project("{9A19103F-16F7-4668-BE54-9A1E7A4F7556}") = "BnBYachts.Boat.Application", "modules\boat\src\BnBYachts.Boat.Application\BnBYachts.Boat.Application.csproj", "{A323F352-4CB8-48C7-A8F3-0BDF12DBEF98}"
EndProject
Project("{9A19103F-16F7-4668-BE54-9A1E7A4F7556}") = "BnBYachts.Boat.Application.Contracts", "modules\boat\src\BnBYachts.Boat.Application.Contracts\BnBYachts.Boat.Application.Contracts.csproj", "{81C28943-7E23-433F-A509-05592F9ABE63}"
EndProject
Project("{9A19103F-16F7-4668-BE54-9A1E7A4F7556}") = "BnBYachts.Boat.Domain", "modules\boat\src\BnBYachts.Boat.Domain\BnBYachts.Boat.Domain.csproj", "{92E82FB4-D6F3-4C21-983B-755776E772AE}"
EndProject
Project("{9A19103F-16F7-4668-BE54-9A1E7A4F7556}") = "BnBYachts.Boat.Domain.Shared", "modules\boat\src\BnBYachts.Boat.Domain.Shared\BnBYachts.Boat.Domain.Shared.csproj", "{BDEF09C5-40F0-4CEA-B591-F6A8B110C860}"
EndProject
Project("{9A19103F-16F7-4668-BE54-9A1E7A4F7556}") = "BnBYachts.Boat.EntityFrameworkCore", "modules\boat\src\BnBYachts.Boat.EntityFrameworkCore\BnBYachts.Boat.EntityFrameworkCore.csproj", "{D88633D5-551F-4558-AAC2-8F383B586313}"
EndProject
Project("{9A19103F-16F7-4668-BE54-9A1E7A4F7556}") = "BnBYachts.Boat.HttpApi", "modules\boat\src\BnBYachts.Boat.HttpApi\BnBYachts.Boat.HttpApi.csproj", "{8F2FD59C-269F-4B45-88AB-0736B3EEF035}"
EndProject
Project("{9A19103F-16F7-4668-BE54-9A1E7A4F7556}") = "BnBYachts.Boat.HttpApi.Client", "modules\boat\src\BnBYachts.Boat.HttpApi.Client\BnBYachts.Boat.HttpApi.Client.csproj", "{FF4AF1CE-8A2D-469C-BD1B-939CA151D9E9}"
EndProject
Project("{2150E333-8FDC-42A3-9474-1A3956D46DE8}") = "booking", "booking", "{52C085CE-4A7A-4A0B-A97E-E8893F714CC1}"
EndProject
Project("{2150E333-8FDC-42A3-9474-1A3956D46DE8}") = "src", "src", "{66FE5DE1-D252-4087-A9E6-8E9E4CD1E2EE}"
EndProject
Project("{9A19103F-16F7-4668-BE54-9A1E7A4F7556}") = "BnBYachts.Booking.Application", "modules\booking\src\BnBYachts.Booking.Application\BnBYachts.Booking.Application.csproj", "{5C5356F1-341F-4252-A9CA-D043491832C7}"
EndProject
Project("{9A19103F-16F7-4668-BE54-9A1E7A4F7556}") = "BnBYachts.Booking.Application.Contracts", "modules\booking\src\BnBYachts.Booking.Application.Contracts\BnBYachts.Booking.Application.Contracts.csproj", "{32E85890-BC06-4F7C-8BA6-7F6C0AC08431}"
EndProject
Project("{9A19103F-16F7-4668-BE54-9A1E7A4F7556}") = "BnBYachts.Booking.DbMigrator", "modules\booking\src\BnBYachts.Booking.DbMigrator\BnBYachts.Booking.DbMigrator.csproj", "{C1D94851-768F-4A42-9DE5-5641A3ABC285}"
EndProject
Project("{9A19103F-16F7-4668-BE54-9A1E7A4F7556}") = "BnBYachts.Booking.Domain", "modules\booking\src\BnBYachts.Booking.Domain\BnBYachts.Booking.Domain.csproj", "{E0619EEB-25B0-475C-B1FD-3008A1918148}"
EndProject
Project("{9A19103F-16F7-4668-BE54-9A1E7A4F7556}") = "BnBYachts.Booking.Domain.Shared", "modules\booking\src\BnBYachts.Booking.Domain.Shared\BnBYachts.Booking.Domain.Shared.csproj", "{92885F7D-4587-426A-9782-2EA9F18134C3}"
EndProject
Project("{9A19103F-16F7-4668-BE54-9A1E7A4F7556}") = "BnBYachts.Booking.EntityFrameworkCore", "modules\booking\src\BnBYachts.Booking.EntityFrameworkCore\BnBYachts.Booking.EntityFrameworkCore.csproj", "{8B3D2A04-D0E9-4193-B53B-E0B128A5C8D2}"
EndProject
Project("{9A19103F-16F7-4668-BE54-9A1E7A4F7556}") = "BnBYachts.Booking.HttpApi", "modules\booking\src\BnBYachts.Booking.HttpApi\BnBYachts.Booking.HttpApi.csproj", "{E6BA9DB7-1AAA-498D-AACA-874D773DC1ED}"
EndProject
Project("{9A19103F-16F7-4668-BE54-9A1E7A4F7556}") = "BnBYachts.Booking.HttpApi.Client", "modules\booking\src\BnBYachts.Booking.HttpApi.Client\BnBYachts.Booking.HttpApi.Client.csproj", "{8334E3A9-2BE5-415B-B7E1-04ED370C2FA4}"
EndProject
Project("{9A19103F-16F7-4668-BE54-9A1E7A4F7556}") = "BnBYachts.Booking.HttpApi.Host", "microservices\BnBYachts.Booking.HttpApi.Host\BnBYachts.Booking.HttpApi.Host.csproj", "{A863E9F4-F37F-48BC-A50C-26B81BD44287}"
EndProject
Global
	GlobalSection(SolutionConfigurationPlatforms) = preSolution
		Debug|Any CPU = Debug|Any CPU
		Release|Any CPU = Release|Any CPU
	EndGlobalSection
	GlobalSection(ProjectConfigurationPlatforms) = postSolution
		{47148558-B456-4E38-9F57-374D600F015F}.Debug|Any CPU.ActiveCfg = Debug|Any CPU
		{47148558-B456-4E38-9F57-374D600F015F}.Debug|Any CPU.Build.0 = Debug|Any CPU
		{47148558-B456-4E38-9F57-374D600F015F}.Release|Any CPU.ActiveCfg = Release|Any CPU
		{47148558-B456-4E38-9F57-374D600F015F}.Release|Any CPU.Build.0 = Release|Any CPU
		{943238C6-7DCA-4944-9654-2CA325811BE4}.Debug|Any CPU.ActiveCfg = Debug|Any CPU
		{943238C6-7DCA-4944-9654-2CA325811BE4}.Debug|Any CPU.Build.0 = Debug|Any CPU
		{943238C6-7DCA-4944-9654-2CA325811BE4}.Release|Any CPU.ActiveCfg = Release|Any CPU
		{943238C6-7DCA-4944-9654-2CA325811BE4}.Release|Any CPU.Build.0 = Release|Any CPU
		{B5F59A72-66C4-4B65-8A50-D61C9C323F2A}.Debug|Any CPU.ActiveCfg = Debug|Any CPU
		{B5F59A72-66C4-4B65-8A50-D61C9C323F2A}.Debug|Any CPU.Build.0 = Debug|Any CPU
		{B5F59A72-66C4-4B65-8A50-D61C9C323F2A}.Release|Any CPU.ActiveCfg = Release|Any CPU
		{B5F59A72-66C4-4B65-8A50-D61C9C323F2A}.Release|Any CPU.Build.0 = Release|Any CPU
		{9B9D82B0-4420-4DEC-BED4-C6273EDCA367}.Debug|Any CPU.ActiveCfg = Debug|Any CPU
		{9B9D82B0-4420-4DEC-BED4-C6273EDCA367}.Debug|Any CPU.Build.0 = Debug|Any CPU
		{9B9D82B0-4420-4DEC-BED4-C6273EDCA367}.Release|Any CPU.ActiveCfg = Release|Any CPU
		{9B9D82B0-4420-4DEC-BED4-C6273EDCA367}.Release|Any CPU.Build.0 = Release|Any CPU
		{B8C11A30-4299-4B88-8E50-1B95547C1544}.Debug|Any CPU.ActiveCfg = Debug|Any CPU
		{B8C11A30-4299-4B88-8E50-1B95547C1544}.Debug|Any CPU.Build.0 = Debug|Any CPU
		{B8C11A30-4299-4B88-8E50-1B95547C1544}.Release|Any CPU.ActiveCfg = Release|Any CPU
		{B8C11A30-4299-4B88-8E50-1B95547C1544}.Release|Any CPU.Build.0 = Release|Any CPU
		{4485A14E-C0CD-4212-B967-9805382586F5}.Debug|Any CPU.ActiveCfg = Debug|Any CPU
		{4485A14E-C0CD-4212-B967-9805382586F5}.Debug|Any CPU.Build.0 = Debug|Any CPU
		{4485A14E-C0CD-4212-B967-9805382586F5}.Release|Any CPU.ActiveCfg = Release|Any CPU
		{4485A14E-C0CD-4212-B967-9805382586F5}.Release|Any CPU.Build.0 = Release|Any CPU
		{014B2EA5-4B02-4BFB-9367-229E7E96B606}.Debug|Any CPU.ActiveCfg = Debug|Any CPU
		{014B2EA5-4B02-4BFB-9367-229E7E96B606}.Debug|Any CPU.Build.0 = Debug|Any CPU
		{014B2EA5-4B02-4BFB-9367-229E7E96B606}.Release|Any CPU.ActiveCfg = Release|Any CPU
		{014B2EA5-4B02-4BFB-9367-229E7E96B606}.Release|Any CPU.Build.0 = Release|Any CPU
		{A6BDBE0E-9DF5-48FB-9340-55474B97C290}.Debug|Any CPU.ActiveCfg = Debug|Any CPU
		{A6BDBE0E-9DF5-48FB-9340-55474B97C290}.Debug|Any CPU.Build.0 = Debug|Any CPU
		{A6BDBE0E-9DF5-48FB-9340-55474B97C290}.Release|Any CPU.ActiveCfg = Release|Any CPU
		{A6BDBE0E-9DF5-48FB-9340-55474B97C290}.Release|Any CPU.Build.0 = Release|Any CPU
		{7D874CAF-D5C6-43C7-A1E9-ECF94C25165D}.Debug|Any CPU.ActiveCfg = Debug|Any CPU
		{7D874CAF-D5C6-43C7-A1E9-ECF94C25165D}.Debug|Any CPU.Build.0 = Debug|Any CPU
		{7D874CAF-D5C6-43C7-A1E9-ECF94C25165D}.Release|Any CPU.ActiveCfg = Release|Any CPU
		{7D874CAF-D5C6-43C7-A1E9-ECF94C25165D}.Release|Any CPU.Build.0 = Release|Any CPU
		{B3F26647-9988-4407-994E-D1C679D74C30}.Debug|Any CPU.ActiveCfg = Debug|Any CPU
		{B3F26647-9988-4407-994E-D1C679D74C30}.Debug|Any CPU.Build.0 = Debug|Any CPU
		{B3F26647-9988-4407-994E-D1C679D74C30}.Release|Any CPU.ActiveCfg = Release|Any CPU
		{B3F26647-9988-4407-994E-D1C679D74C30}.Release|Any CPU.Build.0 = Release|Any CPU
		{1F1157B4-F5BE-4E01-8FB3-36ED3E3DECDF}.Debug|Any CPU.ActiveCfg = Debug|Any CPU
		{1F1157B4-F5BE-4E01-8FB3-36ED3E3DECDF}.Debug|Any CPU.Build.0 = Debug|Any CPU
		{1F1157B4-F5BE-4E01-8FB3-36ED3E3DECDF}.Release|Any CPU.ActiveCfg = Release|Any CPU
		{1F1157B4-F5BE-4E01-8FB3-36ED3E3DECDF}.Release|Any CPU.Build.0 = Release|Any CPU
		{F2E1A40B-E0C6-4FDB-B27D-2555C4AD9E3C}.Debug|Any CPU.ActiveCfg = Debug|Any CPU
		{F2E1A40B-E0C6-4FDB-B27D-2555C4AD9E3C}.Debug|Any CPU.Build.0 = Debug|Any CPU
		{F2E1A40B-E0C6-4FDB-B27D-2555C4AD9E3C}.Release|Any CPU.ActiveCfg = Release|Any CPU
		{F2E1A40B-E0C6-4FDB-B27D-2555C4AD9E3C}.Release|Any CPU.Build.0 = Release|Any CPU
		{5C32793E-7FE7-4C88-AB7E-0A0EDD491038}.Debug|Any CPU.ActiveCfg = Debug|Any CPU
		{5C32793E-7FE7-4C88-AB7E-0A0EDD491038}.Debug|Any CPU.Build.0 = Debug|Any CPU
		{5C32793E-7FE7-4C88-AB7E-0A0EDD491038}.Release|Any CPU.ActiveCfg = Release|Any CPU
		{5C32793E-7FE7-4C88-AB7E-0A0EDD491038}.Release|Any CPU.Build.0 = Release|Any CPU
		{4AE89B9C-E4C5-4BA0-BC22-AEB2D721F31D}.Debug|Any CPU.ActiveCfg = Debug|Any CPU
		{4AE89B9C-E4C5-4BA0-BC22-AEB2D721F31D}.Debug|Any CPU.Build.0 = Debug|Any CPU
		{4AE89B9C-E4C5-4BA0-BC22-AEB2D721F31D}.Release|Any CPU.ActiveCfg = Release|Any CPU
		{4AE89B9C-E4C5-4BA0-BC22-AEB2D721F31D}.Release|Any CPU.Build.0 = Release|Any CPU
		{D987E0BE-79A4-426B-8DC8-7CFBD321E996}.Debug|Any CPU.ActiveCfg = Debug|Any CPU
		{D987E0BE-79A4-426B-8DC8-7CFBD321E996}.Debug|Any CPU.Build.0 = Debug|Any CPU
		{D987E0BE-79A4-426B-8DC8-7CFBD321E996}.Release|Any CPU.ActiveCfg = Release|Any CPU
		{D987E0BE-79A4-426B-8DC8-7CFBD321E996}.Release|Any CPU.Build.0 = Release|Any CPU
		{7F5ED8A1-555E-4B92-8F1A-D53BF7862E1B}.Debug|Any CPU.ActiveCfg = Debug|Any CPU
		{7F5ED8A1-555E-4B92-8F1A-D53BF7862E1B}.Debug|Any CPU.Build.0 = Debug|Any CPU
		{7F5ED8A1-555E-4B92-8F1A-D53BF7862E1B}.Release|Any CPU.ActiveCfg = Release|Any CPU
		{7F5ED8A1-555E-4B92-8F1A-D53BF7862E1B}.Release|Any CPU.Build.0 = Release|Any CPU
		{613EB50B-E815-4C49-80C9-14CE664E2B03}.Debug|Any CPU.ActiveCfg = Debug|Any CPU
		{613EB50B-E815-4C49-80C9-14CE664E2B03}.Debug|Any CPU.Build.0 = Debug|Any CPU
		{613EB50B-E815-4C49-80C9-14CE664E2B03}.Release|Any CPU.ActiveCfg = Release|Any CPU
		{613EB50B-E815-4C49-80C9-14CE664E2B03}.Release|Any CPU.Build.0 = Release|Any CPU
		{A323F352-4CB8-48C7-A8F3-0BDF12DBEF98}.Debug|Any CPU.ActiveCfg = Debug|Any CPU
		{A323F352-4CB8-48C7-A8F3-0BDF12DBEF98}.Debug|Any CPU.Build.0 = Debug|Any CPU
		{A323F352-4CB8-48C7-A8F3-0BDF12DBEF98}.Release|Any CPU.ActiveCfg = Release|Any CPU
		{A323F352-4CB8-48C7-A8F3-0BDF12DBEF98}.Release|Any CPU.Build.0 = Release|Any CPU
		{81C28943-7E23-433F-A509-05592F9ABE63}.Debug|Any CPU.ActiveCfg = Debug|Any CPU
		{81C28943-7E23-433F-A509-05592F9ABE63}.Debug|Any CPU.Build.0 = Debug|Any CPU
		{81C28943-7E23-433F-A509-05592F9ABE63}.Release|Any CPU.ActiveCfg = Release|Any CPU
		{81C28943-7E23-433F-A509-05592F9ABE63}.Release|Any CPU.Build.0 = Release|Any CPU
		{92E82FB4-D6F3-4C21-983B-755776E772AE}.Debug|Any CPU.ActiveCfg = Debug|Any CPU
		{92E82FB4-D6F3-4C21-983B-755776E772AE}.Debug|Any CPU.Build.0 = Debug|Any CPU
		{92E82FB4-D6F3-4C21-983B-755776E772AE}.Release|Any CPU.ActiveCfg = Release|Any CPU
		{92E82FB4-D6F3-4C21-983B-755776E772AE}.Release|Any CPU.Build.0 = Release|Any CPU
		{BDEF09C5-40F0-4CEA-B591-F6A8B110C860}.Debug|Any CPU.ActiveCfg = Debug|Any CPU
		{BDEF09C5-40F0-4CEA-B591-F6A8B110C860}.Debug|Any CPU.Build.0 = Debug|Any CPU
		{BDEF09C5-40F0-4CEA-B591-F6A8B110C860}.Release|Any CPU.ActiveCfg = Release|Any CPU
		{BDEF09C5-40F0-4CEA-B591-F6A8B110C860}.Release|Any CPU.Build.0 = Release|Any CPU
		{D88633D5-551F-4558-AAC2-8F383B586313}.Debug|Any CPU.ActiveCfg = Debug|Any CPU
		{D88633D5-551F-4558-AAC2-8F383B586313}.Debug|Any CPU.Build.0 = Debug|Any CPU
		{D88633D5-551F-4558-AAC2-8F383B586313}.Release|Any CPU.ActiveCfg = Release|Any CPU
		{D88633D5-551F-4558-AAC2-8F383B586313}.Release|Any CPU.Build.0 = Release|Any CPU
		{8F2FD59C-269F-4B45-88AB-0736B3EEF035}.Debug|Any CPU.ActiveCfg = Debug|Any CPU
		{8F2FD59C-269F-4B45-88AB-0736B3EEF035}.Debug|Any CPU.Build.0 = Debug|Any CPU
		{8F2FD59C-269F-4B45-88AB-0736B3EEF035}.Release|Any CPU.ActiveCfg = Release|Any CPU
		{8F2FD59C-269F-4B45-88AB-0736B3EEF035}.Release|Any CPU.Build.0 = Release|Any CPU
		{FF4AF1CE-8A2D-469C-BD1B-939CA151D9E9}.Debug|Any CPU.ActiveCfg = Debug|Any CPU
		{FF4AF1CE-8A2D-469C-BD1B-939CA151D9E9}.Debug|Any CPU.Build.0 = Debug|Any CPU
		{FF4AF1CE-8A2D-469C-BD1B-939CA151D9E9}.Release|Any CPU.ActiveCfg = Release|Any CPU
		{FF4AF1CE-8A2D-469C-BD1B-939CA151D9E9}.Release|Any CPU.Build.0 = Release|Any CPU
		{5C5356F1-341F-4252-A9CA-D043491832C7}.Debug|Any CPU.ActiveCfg = Debug|Any CPU
		{5C5356F1-341F-4252-A9CA-D043491832C7}.Debug|Any CPU.Build.0 = Debug|Any CPU
		{5C5356F1-341F-4252-A9CA-D043491832C7}.Release|Any CPU.ActiveCfg = Release|Any CPU
		{5C5356F1-341F-4252-A9CA-D043491832C7}.Release|Any CPU.Build.0 = Release|Any CPU
		{32E85890-BC06-4F7C-8BA6-7F6C0AC08431}.Debug|Any CPU.ActiveCfg = Debug|Any CPU
		{32E85890-BC06-4F7C-8BA6-7F6C0AC08431}.Debug|Any CPU.Build.0 = Debug|Any CPU
		{32E85890-BC06-4F7C-8BA6-7F6C0AC08431}.Release|Any CPU.ActiveCfg = Release|Any CPU
		{32E85890-BC06-4F7C-8BA6-7F6C0AC08431}.Release|Any CPU.Build.0 = Release|Any CPU
		{C1D94851-768F-4A42-9DE5-5641A3ABC285}.Debug|Any CPU.ActiveCfg = Debug|Any CPU
		{C1D94851-768F-4A42-9DE5-5641A3ABC285}.Debug|Any CPU.Build.0 = Debug|Any CPU
		{C1D94851-768F-4A42-9DE5-5641A3ABC285}.Release|Any CPU.ActiveCfg = Release|Any CPU
		{C1D94851-768F-4A42-9DE5-5641A3ABC285}.Release|Any CPU.Build.0 = Release|Any CPU
		{E0619EEB-25B0-475C-B1FD-3008A1918148}.Debug|Any CPU.ActiveCfg = Debug|Any CPU
		{E0619EEB-25B0-475C-B1FD-3008A1918148}.Debug|Any CPU.Build.0 = Debug|Any CPU
		{E0619EEB-25B0-475C-B1FD-3008A1918148}.Release|Any CPU.ActiveCfg = Release|Any CPU
		{E0619EEB-25B0-475C-B1FD-3008A1918148}.Release|Any CPU.Build.0 = Release|Any CPU
		{92885F7D-4587-426A-9782-2EA9F18134C3}.Debug|Any CPU.ActiveCfg = Debug|Any CPU
		{92885F7D-4587-426A-9782-2EA9F18134C3}.Debug|Any CPU.Build.0 = Debug|Any CPU
		{92885F7D-4587-426A-9782-2EA9F18134C3}.Release|Any CPU.ActiveCfg = Release|Any CPU
		{92885F7D-4587-426A-9782-2EA9F18134C3}.Release|Any CPU.Build.0 = Release|Any CPU
		{8B3D2A04-D0E9-4193-B53B-E0B128A5C8D2}.Debug|Any CPU.ActiveCfg = Debug|Any CPU
		{8B3D2A04-D0E9-4193-B53B-E0B128A5C8D2}.Debug|Any CPU.Build.0 = Debug|Any CPU
		{8B3D2A04-D0E9-4193-B53B-E0B128A5C8D2}.Release|Any CPU.ActiveCfg = Release|Any CPU
		{8B3D2A04-D0E9-4193-B53B-E0B128A5C8D2}.Release|Any CPU.Build.0 = Release|Any CPU
		{E6BA9DB7-1AAA-498D-AACA-874D773DC1ED}.Debug|Any CPU.ActiveCfg = Debug|Any CPU
		{E6BA9DB7-1AAA-498D-AACA-874D773DC1ED}.Debug|Any CPU.Build.0 = Debug|Any CPU
		{E6BA9DB7-1AAA-498D-AACA-874D773DC1ED}.Release|Any CPU.ActiveCfg = Release|Any CPU
		{E6BA9DB7-1AAA-498D-AACA-874D773DC1ED}.Release|Any CPU.Build.0 = Release|Any CPU
		{8334E3A9-2BE5-415B-B7E1-04ED370C2FA4}.Debug|Any CPU.ActiveCfg = Debug|Any CPU
		{8334E3A9-2BE5-415B-B7E1-04ED370C2FA4}.Debug|Any CPU.Build.0 = Debug|Any CPU
		{8334E3A9-2BE5-415B-B7E1-04ED370C2FA4}.Release|Any CPU.ActiveCfg = Release|Any CPU
		{8334E3A9-2BE5-415B-B7E1-04ED370C2FA4}.Release|Any CPU.Build.0 = Release|Any CPU
		{A863E9F4-F37F-48BC-A50C-26B81BD44287}.Debug|Any CPU.ActiveCfg = Debug|Any CPU
		{A863E9F4-F37F-48BC-A50C-26B81BD44287}.Debug|Any CPU.Build.0 = Debug|Any CPU
		{A863E9F4-F37F-48BC-A50C-26B81BD44287}.Release|Any CPU.ActiveCfg = Release|Any CPU
		{A863E9F4-F37F-48BC-A50C-26B81BD44287}.Release|Any CPU.Build.0 = Release|Any CPU
	EndGlobalSection
	GlobalSection(SolutionProperties) = preSolution
		HideSolutionNode = FALSE
	EndGlobalSection
	GlobalSection(NestedProjects) = preSolution
		{47148558-B456-4E38-9F57-374D600F015F} = {46707728-9637-413A-A92C-F5B6643B5958}
		{943238C6-7DCA-4944-9654-2CA325811BE4} = {46707728-9637-413A-A92C-F5B6643B5958}
		{0E41C6FA-0422-40F5-A1F2-A31D33E1C5B7} = {3F5FB678-3F71-4534-9D1F-47AFD67F9A33}
		{580AE0B6-AF4D-48D3-BF2F-B553CBF171C0} = {0E41C6FA-0422-40F5-A1F2-A31D33E1C5B7}
		{B5F59A72-66C4-4B65-8A50-D61C9C323F2A} = {580AE0B6-AF4D-48D3-BF2F-B553CBF171C0}
		{9B9D82B0-4420-4DEC-BED4-C6273EDCA367} = {580AE0B6-AF4D-48D3-BF2F-B553CBF171C0}
		{B8C11A30-4299-4B88-8E50-1B95547C1544} = {580AE0B6-AF4D-48D3-BF2F-B553CBF171C0}
		{4485A14E-C0CD-4212-B967-9805382586F5} = {580AE0B6-AF4D-48D3-BF2F-B553CBF171C0}
		{014B2EA5-4B02-4BFB-9367-229E7E96B606} = {580AE0B6-AF4D-48D3-BF2F-B553CBF171C0}
		{A6BDBE0E-9DF5-48FB-9340-55474B97C290} = {580AE0B6-AF4D-48D3-BF2F-B553CBF171C0}
		{7D874CAF-D5C6-43C7-A1E9-ECF94C25165D} = {580AE0B6-AF4D-48D3-BF2F-B553CBF171C0}
		{B3F26647-9988-4407-994E-D1C679D74C30} = {580AE0B6-AF4D-48D3-BF2F-B553CBF171C0}
		{1F1157B4-F5BE-4E01-8FB3-36ED3E3DECDF} = {D9402112-C592-4E6A-812C-0937D65C9D70}
		{4F58C216-B903-489A-997E-281015BFD573} = {F691ACC8-3A5C-4CB9-8D36-15A2A78F08FD}
		{4E372094-90F2-4EF9-BBB7-FCD545B9D9DF} = {F691ACC8-3A5C-4CB9-8D36-15A2A78F08FD}
		{871EBDF3-D812-44B1-B464-FA1123927231} = {F691ACC8-3A5C-4CB9-8D36-15A2A78F08FD}
		{8E22F3A9-B489-4EDE-A9A9-75FB98326FCB} = {F691ACC8-3A5C-4CB9-8D36-15A2A78F08FD}
		{F2E1A40B-E0C6-4FDB-B27D-2555C4AD9E3C} = {8E22F3A9-B489-4EDE-A9A9-75FB98326FCB}
		{5C32793E-7FE7-4C88-AB7E-0A0EDD491038} = {4E372094-90F2-4EF9-BBB7-FCD545B9D9DF}
		{4AE89B9C-E4C5-4BA0-BC22-AEB2D721F31D} = {4F58C216-B903-489A-997E-281015BFD573}
		{DE904CEE-B982-4E3A-ABFD-77C9737BDCE4} = {3F5FB678-3F71-4534-9D1F-47AFD67F9A33}
		{D987E0BE-79A4-426B-8DC8-7CFBD321E996} = {10399C2F-1B2E-4141-97C9-9212B90B78E6}
		{7F5ED8A1-555E-4B92-8F1A-D53BF7862E1B} = {871EBDF3-D812-44B1-B464-FA1123927231}
		{823BCCA9-31FA-4A35-AD37-26A573A1D8CE} = {3F5FB678-3F71-4534-9D1F-47AFD67F9A33}
		{613EB50B-E815-4C49-80C9-14CE664E2B03} = {10399C2F-1B2E-4141-97C9-9212B90B78E6}
		{EA4386DF-9B91-4426-8919-E44390053893} = {823BCCA9-31FA-4A35-AD37-26A573A1D8CE}
		{A323F352-4CB8-48C7-A8F3-0BDF12DBEF98} = {EA4386DF-9B91-4426-8919-E44390053893}
		{81C28943-7E23-433F-A509-05592F9ABE63} = {EA4386DF-9B91-4426-8919-E44390053893}
		{92E82FB4-D6F3-4C21-983B-755776E772AE} = {EA4386DF-9B91-4426-8919-E44390053893}
		{BDEF09C5-40F0-4CEA-B591-F6A8B110C860} = {EA4386DF-9B91-4426-8919-E44390053893}
		{D88633D5-551F-4558-AAC2-8F383B586313} = {EA4386DF-9B91-4426-8919-E44390053893}
		{8F2FD59C-269F-4B45-88AB-0736B3EEF035} = {EA4386DF-9B91-4426-8919-E44390053893}
		{FF4AF1CE-8A2D-469C-BD1B-939CA151D9E9} = {EA4386DF-9B91-4426-8919-E44390053893}
		{52C085CE-4A7A-4A0B-A97E-E8893F714CC1} = {3F5FB678-3F71-4534-9D1F-47AFD67F9A33}
		{66FE5DE1-D252-4087-A9E6-8E9E4CD1E2EE} = {52C085CE-4A7A-4A0B-A97E-E8893F714CC1}
		{5C5356F1-341F-4252-A9CA-D043491832C7} = {66FE5DE1-D252-4087-A9E6-8E9E4CD1E2EE}
		{32E85890-BC06-4F7C-8BA6-7F6C0AC08431} = {66FE5DE1-D252-4087-A9E6-8E9E4CD1E2EE}
		{C1D94851-768F-4A42-9DE5-5641A3ABC285} = {66FE5DE1-D252-4087-A9E6-8E9E4CD1E2EE}
		{E0619EEB-25B0-475C-B1FD-3008A1918148} = {66FE5DE1-D252-4087-A9E6-8E9E4CD1E2EE}
		{92885F7D-4587-426A-9782-2EA9F18134C3} = {66FE5DE1-D252-4087-A9E6-8E9E4CD1E2EE}
		{8B3D2A04-D0E9-4193-B53B-E0B128A5C8D2} = {66FE5DE1-D252-4087-A9E6-8E9E4CD1E2EE}
		{E6BA9DB7-1AAA-498D-AACA-874D773DC1ED} = {66FE5DE1-D252-4087-A9E6-8E9E4CD1E2EE}
		{8334E3A9-2BE5-415B-B7E1-04ED370C2FA4} = {66FE5DE1-D252-4087-A9E6-8E9E4CD1E2EE}
		{A863E9F4-F37F-48BC-A50C-26B81BD44287} = {10399C2F-1B2E-4141-97C9-9212B90B78E6}
	EndGlobalSection
	GlobalSection(ExtensibilityGlobals) = postSolution
		SolutionGuid = {28315BFD-90E7-4E14-A2EA-F3D23AF4126F}
	EndGlobalSection
EndGlobal
